// !$*UTF8*$!
{
	archiveVersion = 1;
	classes = {
	};
	objectVersion = 46;
	objects = {

/* Begin PBXBuildFile section */
		7A04081916F6CE7B0083F041 /* CVViewController.mm in Sources */ = {isa = PBXBuildFile; fileRef = 7AF0EC7016E238E10081085E /* CVViewController.mm */; };
		7A04081C16F6DD5C0083F041 /* CVImageTableViewController.m in Sources */ = {isa = PBXBuildFile; fileRef = 7A04081B16F6DD5C0083F041 /* CVImageTableViewController.m */; };
		7A0408D716FB572E0083F041 /* CVImageViewController.m in Sources */ = {isa = PBXBuildFile; fileRef = 7A0408D616FB572E0083F041 /* CVImageViewController.m */; };
		7AA90CD716F7F50A00BBCC9E /* CMakeLists.txt in Resources */ = {isa = PBXBuildFile; fileRef = 7AA90C9A16F7F50A00BBCC9E /* CMakeLists.txt */; };
		7AA90CD816F7F50A00BBCC9E /* jcapimin.c in Sources */ = {isa = PBXBuildFile; fileRef = 7AA90C9B16F7F50A00BBCC9E /* jcapimin.c */; };
		7AA90CD916F7F50A00BBCC9E /* jcapistd.c in Sources */ = {isa = PBXBuildFile; fileRef = 7AA90C9C16F7F50A00BBCC9E /* jcapistd.c */; };
		7AA90CDA16F7F50A00BBCC9E /* jccoefct.c in Sources */ = {isa = PBXBuildFile; fileRef = 7AA90C9D16F7F50A00BBCC9E /* jccoefct.c */; };
		7AA90CDB16F7F50A00BBCC9E /* jccolor.c in Sources */ = {isa = PBXBuildFile; fileRef = 7AA90C9E16F7F50A00BBCC9E /* jccolor.c */; };
		7AA90CDC16F7F50A00BBCC9E /* jcdctmgr.c in Sources */ = {isa = PBXBuildFile; fileRef = 7AA90C9F16F7F50A00BBCC9E /* jcdctmgr.c */; };
		7AA90CDD16F7F50A00BBCC9E /* jchuff.c in Sources */ = {isa = PBXBuildFile; fileRef = 7AA90CA016F7F50A00BBCC9E /* jchuff.c */; };
		7AA90CDE16F7F50A00BBCC9E /* jcinit.c in Sources */ = {isa = PBXBuildFile; fileRef = 7AA90CA216F7F50A00BBCC9E /* jcinit.c */; };
		7AA90CDF16F7F50A00BBCC9E /* jcmainct.c in Sources */ = {isa = PBXBuildFile; fileRef = 7AA90CA316F7F50A00BBCC9E /* jcmainct.c */; };
		7AA90CE016F7F50A00BBCC9E /* jcmarker.c in Sources */ = {isa = PBXBuildFile; fileRef = 7AA90CA416F7F50A00BBCC9E /* jcmarker.c */; };
		7AA90CE116F7F50A00BBCC9E /* jcmaster.c in Sources */ = {isa = PBXBuildFile; fileRef = 7AA90CA516F7F50A00BBCC9E /* jcmaster.c */; };
		7AA90CE216F7F50A00BBCC9E /* jcomapi.c in Sources */ = {isa = PBXBuildFile; fileRef = 7AA90CA616F7F50A00BBCC9E /* jcomapi.c */; };
		7AA90CE316F7F50A00BBCC9E /* jcparam.c in Sources */ = {isa = PBXBuildFile; fileRef = 7AA90CA816F7F50A00BBCC9E /* jcparam.c */; };
		7AA90CE416F7F50A00BBCC9E /* jcphuff.c in Sources */ = {isa = PBXBuildFile; fileRef = 7AA90CA916F7F50A00BBCC9E /* jcphuff.c */; };
		7AA90CE516F7F50A00BBCC9E /* jcprepct.c in Sources */ = {isa = PBXBuildFile; fileRef = 7AA90CAA16F7F50A00BBCC9E /* jcprepct.c */; };
		7AA90CE616F7F50A00BBCC9E /* jcsample.c in Sources */ = {isa = PBXBuildFile; fileRef = 7AA90CAB16F7F50A00BBCC9E /* jcsample.c */; };
		7AA90CE716F7F50A00BBCC9E /* jctrans.c in Sources */ = {isa = PBXBuildFile; fileRef = 7AA90CAC16F7F50A00BBCC9E /* jctrans.c */; };
		7AA90CE816F7F50A00BBCC9E /* jdapimin.c in Sources */ = {isa = PBXBuildFile; fileRef = 7AA90CAD16F7F50A00BBCC9E /* jdapimin.c */; };
		7AA90CE916F7F50A00BBCC9E /* jdapistd.c in Sources */ = {isa = PBXBuildFile; fileRef = 7AA90CAE16F7F50A00BBCC9E /* jdapistd.c */; };
		7AA90CEA16F7F50A00BBCC9E /* jdatadst.c in Sources */ = {isa = PBXBuildFile; fileRef = 7AA90CAF16F7F50A00BBCC9E /* jdatadst.c */; };
		7AA90CEB16F7F50A00BBCC9E /* jdatasrc.c in Sources */ = {isa = PBXBuildFile; fileRef = 7AA90CB016F7F50A00BBCC9E /* jdatasrc.c */; };
		7AA90CEC16F7F50A00BBCC9E /* jdcoefct.c in Sources */ = {isa = PBXBuildFile; fileRef = 7AA90CB116F7F50A00BBCC9E /* jdcoefct.c */; };
		7AA90CED16F7F50A00BBCC9E /* jdcolor.c in Sources */ = {isa = PBXBuildFile; fileRef = 7AA90CB216F7F50A00BBCC9E /* jdcolor.c */; };
		7AA90CEE16F7F50A00BBCC9E /* jddctmgr.c in Sources */ = {isa = PBXBuildFile; fileRef = 7AA90CB416F7F50A00BBCC9E /* jddctmgr.c */; };
		7AA90CEF16F7F50A00BBCC9E /* jdhuff.c in Sources */ = {isa = PBXBuildFile; fileRef = 7AA90CB516F7F50A00BBCC9E /* jdhuff.c */; };
		7AA90CF016F7F50A00BBCC9E /* jdinput.c in Sources */ = {isa = PBXBuildFile; fileRef = 7AA90CB716F7F50A00BBCC9E /* jdinput.c */; };
		7AA90CF116F7F50A00BBCC9E /* jdmainct.c in Sources */ = {isa = PBXBuildFile; fileRef = 7AA90CB816F7F50A00BBCC9E /* jdmainct.c */; };
		7AA90CF216F7F50A00BBCC9E /* jdmarker.c in Sources */ = {isa = PBXBuildFile; fileRef = 7AA90CB916F7F50A00BBCC9E /* jdmarker.c */; };
		7AA90CF316F7F50A00BBCC9E /* jdmaster.c in Sources */ = {isa = PBXBuildFile; fileRef = 7AA90CBA16F7F50A00BBCC9E /* jdmaster.c */; };
		7AA90CF416F7F50A00BBCC9E /* jdmerge.c in Sources */ = {isa = PBXBuildFile; fileRef = 7AA90CBB16F7F50A00BBCC9E /* jdmerge.c */; };
		7AA90CF516F7F50A00BBCC9E /* jdphuff.c in Sources */ = {isa = PBXBuildFile; fileRef = 7AA90CBC16F7F50A00BBCC9E /* jdphuff.c */; };
		7AA90CF616F7F50A00BBCC9E /* jdpostct.c in Sources */ = {isa = PBXBuildFile; fileRef = 7AA90CBD16F7F50A00BBCC9E /* jdpostct.c */; };
		7AA90CF716F7F50A00BBCC9E /* jdsample.c in Sources */ = {isa = PBXBuildFile; fileRef = 7AA90CBE16F7F50A00BBCC9E /* jdsample.c */; };
		7AA90CF816F7F50A00BBCC9E /* jdtrans.c in Sources */ = {isa = PBXBuildFile; fileRef = 7AA90CBF16F7F50A00BBCC9E /* jdtrans.c */; };
		7AA90CF916F7F50A00BBCC9E /* jerror.c in Sources */ = {isa = PBXBuildFile; fileRef = 7AA90CC016F7F50A00BBCC9E /* jerror.c */; };
		7AA90CFA16F7F50A00BBCC9E /* jfdctflt.c in Sources */ = {isa = PBXBuildFile; fileRef = 7AA90CC216F7F50A00BBCC9E /* jfdctflt.c */; };
		7AA90CFB16F7F50A00BBCC9E /* jfdctfst.c in Sources */ = {isa = PBXBuildFile; fileRef = 7AA90CC316F7F50A00BBCC9E /* jfdctfst.c */; };
		7AA90CFC16F7F50A00BBCC9E /* jfdctint.c in Sources */ = {isa = PBXBuildFile; fileRef = 7AA90CC416F7F50A00BBCC9E /* jfdctint.c */; };
		7AA90CFD16F7F50A00BBCC9E /* jidctflt.c in Sources */ = {isa = PBXBuildFile; fileRef = 7AA90CC516F7F50A00BBCC9E /* jidctflt.c */; };
		7AA90CFE16F7F50A00BBCC9E /* jidctfst.c in Sources */ = {isa = PBXBuildFile; fileRef = 7AA90CC616F7F50A00BBCC9E /* jidctfst.c */; };
		7AA90CFF16F7F50A00BBCC9E /* jidctint.c in Sources */ = {isa = PBXBuildFile; fileRef = 7AA90CC716F7F50A00BBCC9E /* jidctint.c */; };
		7AA90D0016F7F50A00BBCC9E /* jidctred.c in Sources */ = {isa = PBXBuildFile; fileRef = 7AA90CC816F7F50A00BBCC9E /* jidctred.c */; };
		7AA90D0116F7F50A00BBCC9E /* jmemansi.c in Sources */ = {isa = PBXBuildFile; fileRef = 7AA90CCA16F7F50A00BBCC9E /* jmemansi.c */; };
		7AA90D0216F7F50A00BBCC9E /* jmemmgr.c in Sources */ = {isa = PBXBuildFile; fileRef = 7AA90CCB16F7F50A00BBCC9E /* jmemmgr.c */; };
		7AA90D0316F7F50A00BBCC9E /* jquant1.c in Sources */ = {isa = PBXBuildFile; fileRef = 7AA90CD016F7F50A00BBCC9E /* jquant1.c */; };
		7AA90D0416F7F50A00BBCC9E /* jquant2.c in Sources */ = {isa = PBXBuildFile; fileRef = 7AA90CD116F7F50A00BBCC9E /* jquant2.c */; };
		7AA90D0516F7F50A00BBCC9E /* jutils.c in Sources */ = {isa = PBXBuildFile; fileRef = 7AA90CD216F7F50A00BBCC9E /* jutils.c */; };
		7AA90D0616F7F50A00BBCC9E /* README in Resources */ = {isa = PBXBuildFile; fileRef = 7AA90CD416F7F50A00BBCC9E /* README */; };
		7AA90D0716F7F50A00BBCC9E /* transupp.c in Sources */ = {isa = PBXBuildFile; fileRef = 7AA90CD516F7F50A00BBCC9E /* transupp.c */; };
		7AF0EC5516E238E10081085E /* UIKit.framework in Frameworks */ = {isa = PBXBuildFile; fileRef = 7AF0EC5416E238E10081085E /* UIKit.framework */; };
		7AF0EC5716E238E10081085E /* Foundation.framework in Frameworks */ = {isa = PBXBuildFile; fileRef = 7AF0EC5616E238E10081085E /* Foundation.framework */; };
		7AF0EC5916E238E10081085E /* CoreGraphics.framework in Frameworks */ = {isa = PBXBuildFile; fileRef = 7AF0EC5816E238E10081085E /* CoreGraphics.framework */; };
		7AF0EC5F16E238E10081085E /* InfoPlist.strings in Resources */ = {isa = PBXBuildFile; fileRef = 7AF0EC5D16E238E10081085E /* InfoPlist.strings */; };
		7AF0EC6116E238E10081085E /* main.m in Sources */ = {isa = PBXBuildFile; fileRef = 7AF0EC6016E238E10081085E /* main.m */; };
		7AF0EC6516E238E10081085E /* CVAppDelegate.m in Sources */ = {isa = PBXBuildFile; fileRef = 7AF0EC6416E238E10081085E /* CVAppDelegate.m */; };
		7AF0EC6716E238E10081085E /* Default.png in Resources */ = {isa = PBXBuildFile; fileRef = 7AF0EC6616E238E10081085E /* Default.png */; };
		7AF0EC6916E238E10081085E /* Default@2x.png in Resources */ = {isa = PBXBuildFile; fileRef = 7AF0EC6816E238E10081085E /* Default@2x.png */; };
		7AF0EC6B16E238E10081085E /* Default-568h@2x.png in Resources */ = {isa = PBXBuildFile; fileRef = 7AF0EC6A16E238E10081085E /* Default-568h@2x.png */; };
		7AF0EC6E16E238E10081085E /* MainStoryboard.storyboard in Resources */ = {isa = PBXBuildFile; fileRef = 7AF0EC6C16E238E10081085E /* MainStoryboard.storyboard */; };
		7AF0EC7916E238E10081085E /* SenTestingKit.framework in Frameworks */ = {isa = PBXBuildFile; fileRef = 7AF0EC7816E238E10081085E /* SenTestingKit.framework */; };
		7AF0EC7A16E238E10081085E /* UIKit.framework in Frameworks */ = {isa = PBXBuildFile; fileRef = 7AF0EC5416E238E10081085E /* UIKit.framework */; };
		7AF0EC7B16E238E10081085E /* Foundation.framework in Frameworks */ = {isa = PBXBuildFile; fileRef = 7AF0EC5616E238E10081085E /* Foundation.framework */; };
		7AF0EC8316E238E10081085E /* InfoPlist.strings in Resources */ = {isa = PBXBuildFile; fileRef = 7AF0EC8116E238E10081085E /* InfoPlist.strings */; };
		7AF0EC8616E238E10081085E /* OpenCVAppTests.m in Sources */ = {isa = PBXBuildFile; fileRef = 7AF0EC8516E238E10081085E /* OpenCVAppTests.m */; };
		7AF0EC9216E23DAE0081085E /* opencv2.framework in Frameworks */ = {isa = PBXBuildFile; fileRef = 7AF0EC9116E23DAE0081085E /* opencv2.framework */; };
		7AF0EC9416E240B70081085E /* neko_tsubaki_blue_car.jpg in Resources */ = {isa = PBXBuildFile; fileRef = 7AF0EC9316E240B70081085E /* neko_tsubaki_blue_car.jpg */; };
		7AFDC7FE17072497006F2CEF /* ENAFURLConnectionOperation.m in Sources */ = {isa = PBXBuildFile; fileRef = 7AFDC78117072497006F2CEF /* ENAFURLConnectionOperation.m */; };
		7AFDC7FF17072497006F2CEF /* ENGCOAuth.m in Sources */ = {isa = PBXBuildFile; fileRef = 7AFDC78417072497006F2CEF /* ENGCOAuth.m */; };
		7AFDC80017072497006F2CEF /* LICENSE in Resources */ = {isa = PBXBuildFile; fileRef = 7AFDC78517072497006F2CEF /* LICENSE */; };
		7AFDC80117072497006F2CEF /* NSData+ENBase64.m in Sources */ = {isa = PBXBuildFile; fileRef = 7AFDC78717072497006F2CEF /* NSData+ENBase64.m */; };
		7AFDC80217072497006F2CEF /* KSForwardingWriter.m in Sources */ = {isa = PBXBuildFile; fileRef = 7AFDC78A17072497006F2CEF /* KSForwardingWriter.m */; };
		7AFDC80317072497006F2CEF /* KSHTMLWriter.m in Sources */ = {isa = PBXBuildFile; fileRef = 7AFDC78C17072497006F2CEF /* KSHTMLWriter.m */; };
		7AFDC80417072497006F2CEF /* KSWriter.m in Sources */ = {isa = PBXBuildFile; fileRef = 7AFDC78E17072497006F2CEF /* KSWriter.m */; };
		7AFDC80517072497006F2CEF /* KSXMLAttributes.m in Sources */ = {isa = PBXBuildFile; fileRef = 7AFDC79017072497006F2CEF /* KSXMLAttributes.m */; };
		7AFDC80617072497006F2CEF /* KSXMLWriter.m in Sources */ = {isa = PBXBuildFile; fileRef = 7AFDC79217072497006F2CEF /* KSXMLWriter.m */; };
		7AFDC80717072497006F2CEF /* LICENSE.txt in Resources */ = {isa = PBXBuildFile; fileRef = 7AFDC79317072497006F2CEF /* LICENSE.txt */; };
		7AFDC80817072497006F2CEF /* NSString+XMLAdditions.m in Sources */ = {isa = PBXBuildFile; fileRef = 7AFDC79517072497006F2CEF /* NSString+XMLAdditions.m */; };
		7AFDC80917072497006F2CEF /* LICENSE in Resources */ = {isa = PBXBuildFile; fileRef = 7AFDC79717072497006F2CEF /* LICENSE */; };
		7AFDC80A17072497006F2CEF /* NSString+URLEncoding.m in Sources */ = {isa = PBXBuildFile; fileRef = 7AFDC79917072497006F2CEF /* NSString+URLEncoding.m */; };
		7AFDC80B17072497006F2CEF /* LICENSE in Resources */ = {isa = PBXBuildFile; fileRef = 7AFDC79B17072497006F2CEF /* LICENSE */; };
		7AFDC80C17072497006F2CEF /* SSKeychain.m in Sources */ = {isa = PBXBuildFile; fileRef = 7AFDC79D17072497006F2CEF /* SSKeychain.m */; };
		7AFDC80D17072497006F2CEF /* LICENSE in Resources */ = {isa = PBXBuildFile; fileRef = 7AFDC79F17072497006F2CEF /* LICENSE */; };
		7AFDC80E17072497006F2CEF /* TBinaryProtocol.m in Sources */ = {isa = PBXBuildFile; fileRef = 7AFDC7A217072497006F2CEF /* TBinaryProtocol.m */; };
		7AFDC80F17072497006F2CEF /* TProtocolException.m in Sources */ = {isa = PBXBuildFile; fileRef = 7AFDC7A517072497006F2CEF /* TProtocolException.m */; };
		7AFDC81017072497006F2CEF /* TProtocolUtil.m in Sources */ = {isa = PBXBuildFile; fileRef = 7AFDC7A817072497006F2CEF /* TProtocolUtil.m */; };
		7AFDC81117072497006F2CEF /* TApplicationException.m in Sources */ = {isa = PBXBuildFile; fileRef = 7AFDC7AA17072497006F2CEF /* TApplicationException.m */; };
		7AFDC81217072497006F2CEF /* TException.m in Sources */ = {isa = PBXBuildFile; fileRef = 7AFDC7AC17072497006F2CEF /* TException.m */; };
		7AFDC81317072497006F2CEF /* THTTPClient.m in Sources */ = {isa = PBXBuildFile; fileRef = 7AFDC7B317072497006F2CEF /* THTTPClient.m */; };
		7AFDC81417072497006F2CEF /* TMemoryBuffer.m in Sources */ = {isa = PBXBuildFile; fileRef = 7AFDC7B517072497006F2CEF /* TMemoryBuffer.m */; };
		7AFDC81517072497006F2CEF /* TTransportException.m in Sources */ = {isa = PBXBuildFile; fileRef = 7AFDC7B817072497006F2CEF /* TTransportException.m */; };
		7AFDC81617072497006F2CEF /* EDAMErrors.m in Sources */ = {isa = PBXBuildFile; fileRef = 7AFDC7BC17072497006F2CEF /* EDAMErrors.m */; };
		7AFDC81717072497006F2CEF /* EDAMLimits.m in Sources */ = {isa = PBXBuildFile; fileRef = 7AFDC7BE17072497006F2CEF /* EDAMLimits.m */; };
		7AFDC81817072497006F2CEF /* EDAMNoteStore.m in Sources */ = {isa = PBXBuildFile; fileRef = 7AFDC7C017072497006F2CEF /* EDAMNoteStore.m */; };
		7AFDC81917072497006F2CEF /* EDAMTypes.m in Sources */ = {isa = PBXBuildFile; fileRef = 7AFDC7C217072497006F2CEF /* EDAMTypes.m */; };
		7AFDC81A17072497006F2CEF /* EDAMUserStore.m in Sources */ = {isa = PBXBuildFile; fileRef = 7AFDC7C417072497006F2CEF /* EDAMUserStore.m */; };
		7AFDC81B17072497006F2CEF /* EDAMNoteStoreClient+Utilities.m in Sources */ = {isa = PBXBuildFile; fileRef = 7AFDC7C617072497006F2CEF /* EDAMNoteStoreClient+Utilities.m */; };
		7AFDC81C17072497006F2CEF /* ENConstants.m in Sources */ = {isa = PBXBuildFile; fileRef = 7AFDC7C817072497006F2CEF /* ENConstants.m */; };
		7AFDC81D17072497006F2CEF /* EvernoteNoteStore+Extras.m in Sources */ = {isa = PBXBuildFile; fileRef = 7AFDC7CB17072497006F2CEF /* EvernoteNoteStore+Extras.m */; };
		7AFDC81E17072497006F2CEF /* EvernoteNoteStore.m in Sources */ = {isa = PBXBuildFile; fileRef = 7AFDC7CD17072497006F2CEF /* EvernoteNoteStore.m */; };
		7AFDC81F17072497006F2CEF /* EvernoteSDK.m in Sources */ = {isa = PBXBuildFile; fileRef = 7AFDC7CF17072497006F2CEF /* EvernoteSDK.m */; };
		7AFDC82017072497006F2CEF /* EvernoteSession.m in Sources */ = {isa = PBXBuildFile; fileRef = 7AFDC7D117072497006F2CEF /* EvernoteSession.m */; };
		7AFDC82117072497006F2CEF /* EvernoteUserStore+Extras.m in Sources */ = {isa = PBXBuildFile; fileRef = 7AFDC7D317072497006F2CEF /* EvernoteUserStore+Extras.m */; };
		7AFDC82217072497006F2CEF /* EvernoteUserStore.m in Sources */ = {isa = PBXBuildFile; fileRef = 7AFDC7D517072497006F2CEF /* EvernoteUserStore.m */; };
		7AFDC82317072497006F2CEF /* ENApplicationBridge.m in Sources */ = {isa = PBXBuildFile; fileRef = 7AFDC7D917072497006F2CEF /* ENApplicationBridge.m */; };
		7AFDC82417072497006F2CEF /* ENAuthenticationRequest.m in Sources */ = {isa = PBXBuildFile; fileRef = 7AFDC7DD17072497006F2CEF /* ENAuthenticationRequest.m */; };
		7AFDC82517072497006F2CEF /* ENLinkNotebookRequest.m in Sources */ = {isa = PBXBuildFile; fileRef = 7AFDC7DF17072497006F2CEF /* ENLinkNotebookRequest.m */; };
		7AFDC82617072497006F2CEF /* ENNewNoteRequest.m in Sources */ = {isa = PBXBuildFile; fileRef = 7AFDC7E117072497006F2CEF /* ENNewNoteRequest.m */; };
		7AFDC82717072497006F2CEF /* ENNoteImportRequest.m in Sources */ = {isa = PBXBuildFile; fileRef = 7AFDC7E317072497006F2CEF /* ENNoteImportRequest.m */; };
		7AFDC82817072497006F2CEF /* ENNoteViewRequest.m in Sources */ = {isa = PBXBuildFile; fileRef = 7AFDC7E517072497006F2CEF /* ENNoteViewRequest.m */; };
		7AFDC82917072497006F2CEF /* ENResourceAttachment.m in Sources */ = {isa = PBXBuildFile; fileRef = 7AFDC7E717072497006F2CEF /* ENResourceAttachment.m */; };
		7AFDC82A17072497006F2CEF /* ENSearchRequest.m in Sources */ = {isa = PBXBuildFile; fileRef = 7AFDC7E917072497006F2CEF /* ENSearchRequest.m */; };
		7AFDC82B17072497006F2CEF /* ENAPI.m in Sources */ = {isa = PBXBuildFile; fileRef = 7AFDC7EC17072497006F2CEF /* ENAPI.m */; };
		7AFDC82C17072497006F2CEF /* ENCredentials.m in Sources */ = {isa = PBXBuildFile; fileRef = 7AFDC7EE17072497006F2CEF /* ENCredentials.m */; };
		7AFDC82D17072497006F2CEF /* ENCredentialStore.m in Sources */ = {isa = PBXBuildFile; fileRef = 7AFDC7F017072497006F2CEF /* ENCredentialStore.m */; };
		7AFDC82E17072497006F2CEF /* ENOAuthViewController.m in Sources */ = {isa = PBXBuildFile; fileRef = 7AFDC7F217072497006F2CEF /* ENOAuthViewController.m */; };
		7AFDC82F17072497006F2CEF /* EvernoteSDK.strings in Resources */ = {isa = PBXBuildFile; fileRef = 7AFDC7F417072497006F2CEF /* EvernoteSDK.strings */; };
		7AFDC83017072497006F2CEF /* ENMLUtility.m in Sources */ = {isa = PBXBuildFile; fileRef = 7AFDC7F717072497006F2CEF /* ENMLUtility.m */; };
		7AFDC83117072497006F2CEF /* NSData+EvernoteSDK.m in Sources */ = {isa = PBXBuildFile; fileRef = 7AFDC7F917072497006F2CEF /* NSData+EvernoteSDK.m */; };
		7AFDC83217072497006F2CEF /* NSDataBase64Additions.m in Sources */ = {isa = PBXBuildFile; fileRef = 7AFDC7FB17072497006F2CEF /* NSDataBase64Additions.m */; };
		7AFDC83317072497006F2CEF /* NSDate+EDAMAdditions.m in Sources */ = {isa = PBXBuildFile; fileRef = 7AFDC7FD17072497006F2CEF /* NSDate+EDAMAdditions.m */; };
		7AFDC835170724C6006F2CEF /* StoreKit.framework in Frameworks */ = {isa = PBXBuildFile; fileRef = 7AFDC834170724C6006F2CEF /* StoreKit.framework */; };
		7AFDC837170724CC006F2CEF /* Security.framework in Frameworks */ = {isa = PBXBuildFile; fileRef = 7AFDC836170724CC006F2CEF /* Security.framework */; };
/* End PBXBuildFile section */

/* Begin PBXContainerItemProxy section */
		7AF0EC7C16E238E10081085E /* PBXContainerItemProxy */ = {
			isa = PBXContainerItemProxy;
			containerPortal = 7AF0EC4916E238E10081085E /* Project object */;
			proxyType = 1;
			remoteGlobalIDString = 7AF0EC5016E238E10081085E;
			remoteInfo = OpenCVApp;
		};
/* End PBXContainerItemProxy section */

/* Begin PBXFileReference section */
		7A04081A16F6DD5C0083F041 /* CVImageTableViewController.h */ = {isa = PBXFileReference; fileEncoding = 4; lastKnownFileType = sourcecode.c.h; path = CVImageTableViewController.h; sourceTree = "<group>"; };
		7A04081B16F6DD5C0083F041 /* CVImageTableViewController.m */ = {isa = PBXFileReference; fileEncoding = 4; lastKnownFileType = sourcecode.c.objc; path = CVImageTableViewController.m; sourceTree = "<group>"; };
		7A0408D516FB572D0083F041 /* CVImageViewController.h */ = {isa = PBXFileReference; fileEncoding = 4; lastKnownFileType = sourcecode.c.h; path = CVImageViewController.h; sourceTree = "<group>"; };
		7A0408D616FB572E0083F041 /* CVImageViewController.m */ = {isa = PBXFileReference; fileEncoding = 4; lastKnownFileType = sourcecode.c.objc; path = CVImageViewController.m; sourceTree = "<group>"; };
		7AA90C9A16F7F50A00BBCC9E /* CMakeLists.txt */ = {isa = PBXFileReference; fileEncoding = 4; lastKnownFileType = text; path = CMakeLists.txt; sourceTree = "<group>"; };
		7AA90C9B16F7F50A00BBCC9E /* jcapimin.c */ = {isa = PBXFileReference; fileEncoding = 4; lastKnownFileType = sourcecode.c.c; path = jcapimin.c; sourceTree = "<group>"; };
		7AA90C9C16F7F50A00BBCC9E /* jcapistd.c */ = {isa = PBXFileReference; fileEncoding = 4; lastKnownFileType = sourcecode.c.c; path = jcapistd.c; sourceTree = "<group>"; };
		7AA90C9D16F7F50A00BBCC9E /* jccoefct.c */ = {isa = PBXFileReference; fileEncoding = 4; lastKnownFileType = sourcecode.c.c; path = jccoefct.c; sourceTree = "<group>"; };
		7AA90C9E16F7F50A00BBCC9E /* jccolor.c */ = {isa = PBXFileReference; fileEncoding = 4; lastKnownFileType = sourcecode.c.c; path = jccolor.c; sourceTree = "<group>"; };
		7AA90C9F16F7F50A00BBCC9E /* jcdctmgr.c */ = {isa = PBXFileReference; fileEncoding = 4; lastKnownFileType = sourcecode.c.c; path = jcdctmgr.c; sourceTree = "<group>"; };
		7AA90CA016F7F50A00BBCC9E /* jchuff.c */ = {isa = PBXFileReference; fileEncoding = 4; lastKnownFileType = sourcecode.c.c; path = jchuff.c; sourceTree = "<group>"; };
		7AA90CA116F7F50A00BBCC9E /* jchuff.h */ = {isa = PBXFileReference; fileEncoding = 4; lastKnownFileType = sourcecode.c.h; path = jchuff.h; sourceTree = "<group>"; };
		7AA90CA216F7F50A00BBCC9E /* jcinit.c */ = {isa = PBXFileReference; fileEncoding = 4; lastKnownFileType = sourcecode.c.c; path = jcinit.c; sourceTree = "<group>"; };
		7AA90CA316F7F50A00BBCC9E /* jcmainct.c */ = {isa = PBXFileReference; fileEncoding = 4; lastKnownFileType = sourcecode.c.c; path = jcmainct.c; sourceTree = "<group>"; };
		7AA90CA416F7F50A00BBCC9E /* jcmarker.c */ = {isa = PBXFileReference; fileEncoding = 4; lastKnownFileType = sourcecode.c.c; path = jcmarker.c; sourceTree = "<group>"; };
		7AA90CA516F7F50A00BBCC9E /* jcmaster.c */ = {isa = PBXFileReference; fileEncoding = 4; lastKnownFileType = sourcecode.c.c; path = jcmaster.c; sourceTree = "<group>"; };
		7AA90CA616F7F50A00BBCC9E /* jcomapi.c */ = {isa = PBXFileReference; fileEncoding = 4; lastKnownFileType = sourcecode.c.c; path = jcomapi.c; sourceTree = "<group>"; };
		7AA90CA716F7F50A00BBCC9E /* jconfig.h */ = {isa = PBXFileReference; fileEncoding = 4; lastKnownFileType = sourcecode.c.h; path = jconfig.h; sourceTree = "<group>"; };
		7AA90CA816F7F50A00BBCC9E /* jcparam.c */ = {isa = PBXFileReference; fileEncoding = 4; lastKnownFileType = sourcecode.c.c; path = jcparam.c; sourceTree = "<group>"; };
		7AA90CA916F7F50A00BBCC9E /* jcphuff.c */ = {isa = PBXFileReference; fileEncoding = 4; lastKnownFileType = sourcecode.c.c; path = jcphuff.c; sourceTree = "<group>"; };
		7AA90CAA16F7F50A00BBCC9E /* jcprepct.c */ = {isa = PBXFileReference; fileEncoding = 4; lastKnownFileType = sourcecode.c.c; path = jcprepct.c; sourceTree = "<group>"; };
		7AA90CAB16F7F50A00BBCC9E /* jcsample.c */ = {isa = PBXFileReference; fileEncoding = 4; lastKnownFileType = sourcecode.c.c; path = jcsample.c; sourceTree = "<group>"; };
		7AA90CAC16F7F50A00BBCC9E /* jctrans.c */ = {isa = PBXFileReference; fileEncoding = 4; lastKnownFileType = sourcecode.c.c; path = jctrans.c; sourceTree = "<group>"; };
		7AA90CAD16F7F50A00BBCC9E /* jdapimin.c */ = {isa = PBXFileReference; fileEncoding = 4; lastKnownFileType = sourcecode.c.c; path = jdapimin.c; sourceTree = "<group>"; };
		7AA90CAE16F7F50A00BBCC9E /* jdapistd.c */ = {isa = PBXFileReference; fileEncoding = 4; lastKnownFileType = sourcecode.c.c; path = jdapistd.c; sourceTree = "<group>"; };
		7AA90CAF16F7F50A00BBCC9E /* jdatadst.c */ = {isa = PBXFileReference; fileEncoding = 4; lastKnownFileType = sourcecode.c.c; path = jdatadst.c; sourceTree = "<group>"; };
		7AA90CB016F7F50A00BBCC9E /* jdatasrc.c */ = {isa = PBXFileReference; fileEncoding = 4; lastKnownFileType = sourcecode.c.c; path = jdatasrc.c; sourceTree = "<group>"; };
		7AA90CB116F7F50A00BBCC9E /* jdcoefct.c */ = {isa = PBXFileReference; fileEncoding = 4; lastKnownFileType = sourcecode.c.c; path = jdcoefct.c; sourceTree = "<group>"; };
		7AA90CB216F7F50A00BBCC9E /* jdcolor.c */ = {isa = PBXFileReference; fileEncoding = 4; lastKnownFileType = sourcecode.c.c; path = jdcolor.c; sourceTree = "<group>"; };
		7AA90CB316F7F50A00BBCC9E /* jdct.h */ = {isa = PBXFileReference; fileEncoding = 4; lastKnownFileType = sourcecode.c.h; path = jdct.h; sourceTree = "<group>"; };
		7AA90CB416F7F50A00BBCC9E /* jddctmgr.c */ = {isa = PBXFileReference; fileEncoding = 4; lastKnownFileType = sourcecode.c.c; path = jddctmgr.c; sourceTree = "<group>"; };
		7AA90CB516F7F50A00BBCC9E /* jdhuff.c */ = {isa = PBXFileReference; fileEncoding = 4; lastKnownFileType = sourcecode.c.c; path = jdhuff.c; sourceTree = "<group>"; };
		7AA90CB616F7F50A00BBCC9E /* jdhuff.h */ = {isa = PBXFileReference; fileEncoding = 4; lastKnownFileType = sourcecode.c.h; path = jdhuff.h; sourceTree = "<group>"; };
		7AA90CB716F7F50A00BBCC9E /* jdinput.c */ = {isa = PBXFileReference; fileEncoding = 4; lastKnownFileType = sourcecode.c.c; path = jdinput.c; sourceTree = "<group>"; };
		7AA90CB816F7F50A00BBCC9E /* jdmainct.c */ = {isa = PBXFileReference; fileEncoding = 4; lastKnownFileType = sourcecode.c.c; path = jdmainct.c; sourceTree = "<group>"; };
		7AA90CB916F7F50A00BBCC9E /* jdmarker.c */ = {isa = PBXFileReference; fileEncoding = 4; lastKnownFileType = sourcecode.c.c; path = jdmarker.c; sourceTree = "<group>"; };
		7AA90CBA16F7F50A00BBCC9E /* jdmaster.c */ = {isa = PBXFileReference; fileEncoding = 4; lastKnownFileType = sourcecode.c.c; path = jdmaster.c; sourceTree = "<group>"; };
		7AA90CBB16F7F50A00BBCC9E /* jdmerge.c */ = {isa = PBXFileReference; fileEncoding = 4; lastKnownFileType = sourcecode.c.c; path = jdmerge.c; sourceTree = "<group>"; };
		7AA90CBC16F7F50A00BBCC9E /* jdphuff.c */ = {isa = PBXFileReference; fileEncoding = 4; lastKnownFileType = sourcecode.c.c; path = jdphuff.c; sourceTree = "<group>"; };
		7AA90CBD16F7F50A00BBCC9E /* jdpostct.c */ = {isa = PBXFileReference; fileEncoding = 4; lastKnownFileType = sourcecode.c.c; path = jdpostct.c; sourceTree = "<group>"; };
		7AA90CBE16F7F50A00BBCC9E /* jdsample.c */ = {isa = PBXFileReference; fileEncoding = 4; lastKnownFileType = sourcecode.c.c; path = jdsample.c; sourceTree = "<group>"; };
		7AA90CBF16F7F50A00BBCC9E /* jdtrans.c */ = {isa = PBXFileReference; fileEncoding = 4; lastKnownFileType = sourcecode.c.c; path = jdtrans.c; sourceTree = "<group>"; };
		7AA90CC016F7F50A00BBCC9E /* jerror.c */ = {isa = PBXFileReference; fileEncoding = 4; lastKnownFileType = sourcecode.c.c; path = jerror.c; sourceTree = "<group>"; };
		7AA90CC116F7F50A00BBCC9E /* jerror.h */ = {isa = PBXFileReference; fileEncoding = 4; lastKnownFileType = sourcecode.c.h; path = jerror.h; sourceTree = "<group>"; };
		7AA90CC216F7F50A00BBCC9E /* jfdctflt.c */ = {isa = PBXFileReference; fileEncoding = 4; lastKnownFileType = sourcecode.c.c; path = jfdctflt.c; sourceTree = "<group>"; };
		7AA90CC316F7F50A00BBCC9E /* jfdctfst.c */ = {isa = PBXFileReference; fileEncoding = 4; lastKnownFileType = sourcecode.c.c; path = jfdctfst.c; sourceTree = "<group>"; };
		7AA90CC416F7F50A00BBCC9E /* jfdctint.c */ = {isa = PBXFileReference; fileEncoding = 4; lastKnownFileType = sourcecode.c.c; path = jfdctint.c; sourceTree = "<group>"; };
		7AA90CC516F7F50A00BBCC9E /* jidctflt.c */ = {isa = PBXFileReference; fileEncoding = 4; lastKnownFileType = sourcecode.c.c; path = jidctflt.c; sourceTree = "<group>"; };
		7AA90CC616F7F50A00BBCC9E /* jidctfst.c */ = {isa = PBXFileReference; fileEncoding = 4; lastKnownFileType = sourcecode.c.c; path = jidctfst.c; sourceTree = "<group>"; };
		7AA90CC716F7F50A00BBCC9E /* jidctint.c */ = {isa = PBXFileReference; fileEncoding = 4; lastKnownFileType = sourcecode.c.c; path = jidctint.c; sourceTree = "<group>"; };
		7AA90CC816F7F50A00BBCC9E /* jidctred.c */ = {isa = PBXFileReference; fileEncoding = 4; lastKnownFileType = sourcecode.c.c; path = jidctred.c; sourceTree = "<group>"; };
		7AA90CC916F7F50A00BBCC9E /* jinclude.h */ = {isa = PBXFileReference; fileEncoding = 4; lastKnownFileType = sourcecode.c.h; path = jinclude.h; sourceTree = "<group>"; };
		7AA90CCA16F7F50A00BBCC9E /* jmemansi.c */ = {isa = PBXFileReference; fileEncoding = 4; lastKnownFileType = sourcecode.c.c; path = jmemansi.c; sourceTree = "<group>"; };
		7AA90CCB16F7F50A00BBCC9E /* jmemmgr.c */ = {isa = PBXFileReference; fileEncoding = 4; lastKnownFileType = sourcecode.c.c; path = jmemmgr.c; sourceTree = "<group>"; };
		7AA90CCC16F7F50A00BBCC9E /* jmemsys.h */ = {isa = PBXFileReference; fileEncoding = 4; lastKnownFileType = sourcecode.c.h; path = jmemsys.h; sourceTree = "<group>"; };
		7AA90CCD16F7F50A00BBCC9E /* jmorecfg.h */ = {isa = PBXFileReference; fileEncoding = 4; lastKnownFileType = sourcecode.c.h; path = jmorecfg.h; sourceTree = "<group>"; };
		7AA90CCE16F7F50A00BBCC9E /* jpegint.h */ = {isa = PBXFileReference; fileEncoding = 4; lastKnownFileType = sourcecode.c.h; path = jpegint.h; sourceTree = "<group>"; };
		7AA90CCF16F7F50A00BBCC9E /* jpeglib.h */ = {isa = PBXFileReference; fileEncoding = 4; lastKnownFileType = sourcecode.c.h; path = jpeglib.h; sourceTree = "<group>"; };
		7AA90CD016F7F50A00BBCC9E /* jquant1.c */ = {isa = PBXFileReference; fileEncoding = 4; lastKnownFileType = sourcecode.c.c; path = jquant1.c; sourceTree = "<group>"; };
		7AA90CD116F7F50A00BBCC9E /* jquant2.c */ = {isa = PBXFileReference; fileEncoding = 4; lastKnownFileType = sourcecode.c.c; path = jquant2.c; sourceTree = "<group>"; };
		7AA90CD216F7F50A00BBCC9E /* jutils.c */ = {isa = PBXFileReference; fileEncoding = 4; lastKnownFileType = sourcecode.c.c; path = jutils.c; sourceTree = "<group>"; };
		7AA90CD316F7F50A00BBCC9E /* jversion.h */ = {isa = PBXFileReference; fileEncoding = 4; lastKnownFileType = sourcecode.c.h; path = jversion.h; sourceTree = "<group>"; };
		7AA90CD416F7F50A00BBCC9E /* README */ = {isa = PBXFileReference; fileEncoding = 4; lastKnownFileType = text; path = README; sourceTree = "<group>"; };
		7AA90CD516F7F50A00BBCC9E /* transupp.c */ = {isa = PBXFileReference; fileEncoding = 4; lastKnownFileType = sourcecode.c.c; path = transupp.c; sourceTree = "<group>"; };
		7AA90CD616F7F50A00BBCC9E /* transupp.h */ = {isa = PBXFileReference; fileEncoding = 4; lastKnownFileType = sourcecode.c.h; path = transupp.h; sourceTree = "<group>"; };
		7AF0EC5116E238E10081085E /* OpenCVApp.app */ = {isa = PBXFileReference; explicitFileType = wrapper.application; includeInIndex = 0; path = OpenCVApp.app; sourceTree = BUILT_PRODUCTS_DIR; };
		7AF0EC5416E238E10081085E /* UIKit.framework */ = {isa = PBXFileReference; lastKnownFileType = wrapper.framework; name = UIKit.framework; path = System/Library/Frameworks/UIKit.framework; sourceTree = SDKROOT; };
		7AF0EC5616E238E10081085E /* Foundation.framework */ = {isa = PBXFileReference; lastKnownFileType = wrapper.framework; name = Foundation.framework; path = System/Library/Frameworks/Foundation.framework; sourceTree = SDKROOT; };
		7AF0EC5816E238E10081085E /* CoreGraphics.framework */ = {isa = PBXFileReference; lastKnownFileType = wrapper.framework; name = CoreGraphics.framework; path = System/Library/Frameworks/CoreGraphics.framework; sourceTree = SDKROOT; };
		7AF0EC5C16E238E10081085E /* OpenCVApp-Info.plist */ = {isa = PBXFileReference; lastKnownFileType = text.plist.xml; path = "OpenCVApp-Info.plist"; sourceTree = "<group>"; };
		7AF0EC5E16E238E10081085E /* en */ = {isa = PBXFileReference; lastKnownFileType = text.plist.strings; name = en; path = en.lproj/InfoPlist.strings; sourceTree = "<group>"; };
		7AF0EC6016E238E10081085E /* main.m */ = {isa = PBXFileReference; lastKnownFileType = sourcecode.c.objc; path = main.m; sourceTree = "<group>"; };
		7AF0EC6216E238E10081085E /* OpenCVApp-Prefix.pch */ = {isa = PBXFileReference; lastKnownFileType = sourcecode.c.h; path = "OpenCVApp-Prefix.pch"; sourceTree = "<group>"; };
		7AF0EC6316E238E10081085E /* CVAppDelegate.h */ = {isa = PBXFileReference; lastKnownFileType = sourcecode.c.h; path = CVAppDelegate.h; sourceTree = "<group>"; };
		7AF0EC6416E238E10081085E /* CVAppDelegate.m */ = {isa = PBXFileReference; lastKnownFileType = sourcecode.c.objc; path = CVAppDelegate.m; sourceTree = "<group>"; };
		7AF0EC6616E238E10081085E /* Default.png */ = {isa = PBXFileReference; lastKnownFileType = image.png; path = Default.png; sourceTree = "<group>"; };
		7AF0EC6816E238E10081085E /* Default@2x.png */ = {isa = PBXFileReference; lastKnownFileType = image.png; path = "Default@2x.png"; sourceTree = "<group>"; };
		7AF0EC6A16E238E10081085E /* Default-568h@2x.png */ = {isa = PBXFileReference; lastKnownFileType = image.png; path = "Default-568h@2x.png"; sourceTree = "<group>"; };
		7AF0EC6D16E238E10081085E /* en */ = {isa = PBXFileReference; lastKnownFileType = file.storyboard; name = en; path = en.lproj/MainStoryboard.storyboard; sourceTree = "<group>"; };
		7AF0EC6F16E238E10081085E /* CVViewController.h */ = {isa = PBXFileReference; lastKnownFileType = sourcecode.c.h; path = CVViewController.h; sourceTree = "<group>"; };
		7AF0EC7016E238E10081085E /* CVViewController.mm */ = {isa = PBXFileReference; lastKnownFileType = sourcecode.cpp.objcpp; path = CVViewController.mm; sourceTree = "<group>"; };
		7AF0EC7716E238E10081085E /* OpenCVAppTests.octest */ = {isa = PBXFileReference; explicitFileType = wrapper.cfbundle; includeInIndex = 0; path = OpenCVAppTests.octest; sourceTree = BUILT_PRODUCTS_DIR; };
		7AF0EC7816E238E10081085E /* SenTestingKit.framework */ = {isa = PBXFileReference; lastKnownFileType = wrapper.framework; name = SenTestingKit.framework; path = Library/Frameworks/SenTestingKit.framework; sourceTree = DEVELOPER_DIR; };
		7AF0EC8016E238E10081085E /* OpenCVAppTests-Info.plist */ = {isa = PBXFileReference; lastKnownFileType = text.plist.xml; path = "OpenCVAppTests-Info.plist"; sourceTree = "<group>"; };
		7AF0EC8216E238E10081085E /* en */ = {isa = PBXFileReference; lastKnownFileType = text.plist.strings; name = en; path = en.lproj/InfoPlist.strings; sourceTree = "<group>"; };
		7AF0EC8416E238E10081085E /* OpenCVAppTests.h */ = {isa = PBXFileReference; lastKnownFileType = sourcecode.c.h; path = OpenCVAppTests.h; sourceTree = "<group>"; };
		7AF0EC8516E238E10081085E /* OpenCVAppTests.m */ = {isa = PBXFileReference; lastKnownFileType = sourcecode.c.objc; path = OpenCVAppTests.m; sourceTree = "<group>"; };
		7AF0EC9116E23DAE0081085E /* opencv2.framework */ = {isa = PBXFileReference; lastKnownFileType = wrapper.framework; name = opencv2.framework; path = ../../src/opencv_ios/opencv2.framework; sourceTree = "<group>"; };
		7AF0EC9316E240B70081085E /* neko_tsubaki_blue_car.jpg */ = {isa = PBXFileReference; lastKnownFileType = image.jpeg; path = neko_tsubaki_blue_car.jpg; sourceTree = "<group>"; };
		7AFDC78017072497006F2CEF /* ENAFURLConnectionOperation.h */ = {isa = PBXFileReference; fileEncoding = 4; lastKnownFileType = sourcecode.c.h; path = ENAFURLConnectionOperation.h; sourceTree = "<group>"; };
		7AFDC78117072497006F2CEF /* ENAFURLConnectionOperation.m */ = {isa = PBXFileReference; fileEncoding = 4; lastKnownFileType = sourcecode.c.objc; path = ENAFURLConnectionOperation.m; sourceTree = "<group>"; };
		7AFDC78317072497006F2CEF /* ENGCOAuth.h */ = {isa = PBXFileReference; fileEncoding = 4; lastKnownFileType = sourcecode.c.h; path = ENGCOAuth.h; sourceTree = "<group>"; };
		7AFDC78417072497006F2CEF /* ENGCOAuth.m */ = {isa = PBXFileReference; fileEncoding = 4; lastKnownFileType = sourcecode.c.objc; path = ENGCOAuth.m; sourceTree = "<group>"; };
		7AFDC78517072497006F2CEF /* LICENSE */ = {isa = PBXFileReference; fileEncoding = 4; lastKnownFileType = text; path = LICENSE; sourceTree = "<group>"; };
		7AFDC78617072497006F2CEF /* NSData+ENBase64.h */ = {isa = PBXFileReference; fileEncoding = 4; lastKnownFileType = sourcecode.c.h; path = "NSData+ENBase64.h"; sourceTree = "<group>"; };
		7AFDC78717072497006F2CEF /* NSData+ENBase64.m */ = {isa = PBXFileReference; fileEncoding = 4; lastKnownFileType = sourcecode.c.objc; path = "NSData+ENBase64.m"; sourceTree = "<group>"; };
		7AFDC78917072497006F2CEF /* KSForwardingWriter.h */ = {isa = PBXFileReference; fileEncoding = 4; lastKnownFileType = sourcecode.c.h; path = KSForwardingWriter.h; sourceTree = "<group>"; };
		7AFDC78A17072497006F2CEF /* KSForwardingWriter.m */ = {isa = PBXFileReference; fileEncoding = 4; lastKnownFileType = sourcecode.c.objc; path = KSForwardingWriter.m; sourceTree = "<group>"; };
		7AFDC78B17072497006F2CEF /* KSHTMLWriter.h */ = {isa = PBXFileReference; fileEncoding = 4; lastKnownFileType = sourcecode.c.h; path = KSHTMLWriter.h; sourceTree = "<group>"; };
		7AFDC78C17072497006F2CEF /* KSHTMLWriter.m */ = {isa = PBXFileReference; fileEncoding = 4; lastKnownFileType = sourcecode.c.objc; path = KSHTMLWriter.m; sourceTree = "<group>"; };
		7AFDC78D17072497006F2CEF /* KSWriter.h */ = {isa = PBXFileReference; fileEncoding = 4; lastKnownFileType = sourcecode.c.h; path = KSWriter.h; sourceTree = "<group>"; };
		7AFDC78E17072497006F2CEF /* KSWriter.m */ = {isa = PBXFileReference; fileEncoding = 4; lastKnownFileType = sourcecode.c.objc; path = KSWriter.m; sourceTree = "<group>"; };
		7AFDC78F17072497006F2CEF /* KSXMLAttributes.h */ = {isa = PBXFileReference; fileEncoding = 4; lastKnownFileType = sourcecode.c.h; path = KSXMLAttributes.h; sourceTree = "<group>"; };
		7AFDC79017072497006F2CEF /* KSXMLAttributes.m */ = {isa = PBXFileReference; fileEncoding = 4; lastKnownFileType = sourcecode.c.objc; path = KSXMLAttributes.m; sourceTree = "<group>"; };
		7AFDC79117072497006F2CEF /* KSXMLWriter.h */ = {isa = PBXFileReference; fileEncoding = 4; lastKnownFileType = sourcecode.c.h; path = KSXMLWriter.h; sourceTree = "<group>"; };
		7AFDC79217072497006F2CEF /* KSXMLWriter.m */ = {isa = PBXFileReference; fileEncoding = 4; lastKnownFileType = sourcecode.c.objc; path = KSXMLWriter.m; sourceTree = "<group>"; };
		7AFDC79317072497006F2CEF /* LICENSE.txt */ = {isa = PBXFileReference; fileEncoding = 4; lastKnownFileType = text; path = LICENSE.txt; sourceTree = "<group>"; };
		7AFDC79417072497006F2CEF /* NSString+XMLAdditions.h */ = {isa = PBXFileReference; fileEncoding = 4; lastKnownFileType = sourcecode.c.h; path = "NSString+XMLAdditions.h"; sourceTree = "<group>"; };
		7AFDC79517072497006F2CEF /* NSString+XMLAdditions.m */ = {isa = PBXFileReference; fileEncoding = 4; lastKnownFileType = sourcecode.c.objc; path = "NSString+XMLAdditions.m"; sourceTree = "<group>"; };
		7AFDC79717072497006F2CEF /* LICENSE */ = {isa = PBXFileReference; fileEncoding = 4; lastKnownFileType = text; path = LICENSE; sourceTree = "<group>"; };
		7AFDC79817072497006F2CEF /* NSString+URLEncoding.h */ = {isa = PBXFileReference; fileEncoding = 4; lastKnownFileType = sourcecode.c.h; path = "NSString+URLEncoding.h"; sourceTree = "<group>"; };
		7AFDC79917072497006F2CEF /* NSString+URLEncoding.m */ = {isa = PBXFileReference; fileEncoding = 4; lastKnownFileType = sourcecode.c.objc; path = "NSString+URLEncoding.m"; sourceTree = "<group>"; };
		7AFDC79B17072497006F2CEF /* LICENSE */ = {isa = PBXFileReference; fileEncoding = 4; lastKnownFileType = text; path = LICENSE; sourceTree = "<group>"; };
		7AFDC79C17072497006F2CEF /* SSKeychain.h */ = {isa = PBXFileReference; fileEncoding = 4; lastKnownFileType = sourcecode.c.h; path = SSKeychain.h; sourceTree = "<group>"; };
		7AFDC79D17072497006F2CEF /* SSKeychain.m */ = {isa = PBXFileReference; fileEncoding = 4; lastKnownFileType = sourcecode.c.objc; path = SSKeychain.m; sourceTree = "<group>"; };
		7AFDC79F17072497006F2CEF /* LICENSE */ = {isa = PBXFileReference; fileEncoding = 4; lastKnownFileType = text; path = LICENSE; sourceTree = "<group>"; };
		7AFDC7A117072497006F2CEF /* TBinaryProtocol.h */ = {isa = PBXFileReference; fileEncoding = 4; lastKnownFileType = sourcecode.c.h; path = TBinaryProtocol.h; sourceTree = "<group>"; };
		7AFDC7A217072497006F2CEF /* TBinaryProtocol.m */ = {isa = PBXFileReference; fileEncoding = 4; lastKnownFileType = sourcecode.c.objc; path = TBinaryProtocol.m; sourceTree = "<group>"; };
		7AFDC7A317072497006F2CEF /* TProtocol.h */ = {isa = PBXFileReference; fileEncoding = 4; lastKnownFileType = sourcecode.c.h; path = TProtocol.h; sourceTree = "<group>"; };
		7AFDC7A417072497006F2CEF /* TProtocolException.h */ = {isa = PBXFileReference; fileEncoding = 4; lastKnownFileType = sourcecode.c.h; path = TProtocolException.h; sourceTree = "<group>"; };
		7AFDC7A517072497006F2CEF /* TProtocolException.m */ = {isa = PBXFileReference; fileEncoding = 4; lastKnownFileType = sourcecode.c.objc; path = TProtocolException.m; sourceTree = "<group>"; };
		7AFDC7A617072497006F2CEF /* TProtocolFactory.h */ = {isa = PBXFileReference; fileEncoding = 4; lastKnownFileType = sourcecode.c.h; path = TProtocolFactory.h; sourceTree = "<group>"; };
		7AFDC7A717072497006F2CEF /* TProtocolUtil.h */ = {isa = PBXFileReference; fileEncoding = 4; lastKnownFileType = sourcecode.c.h; path = TProtocolUtil.h; sourceTree = "<group>"; };
		7AFDC7A817072497006F2CEF /* TProtocolUtil.m */ = {isa = PBXFileReference; fileEncoding = 4; lastKnownFileType = sourcecode.c.objc; path = TProtocolUtil.m; sourceTree = "<group>"; };
		7AFDC7A917072497006F2CEF /* TApplicationException.h */ = {isa = PBXFileReference; fileEncoding = 4; lastKnownFileType = sourcecode.c.h; path = TApplicationException.h; sourceTree = "<group>"; };
		7AFDC7AA17072497006F2CEF /* TApplicationException.m */ = {isa = PBXFileReference; fileEncoding = 4; lastKnownFileType = sourcecode.c.objc; path = TApplicationException.m; sourceTree = "<group>"; };
		7AFDC7AB17072497006F2CEF /* TException.h */ = {isa = PBXFileReference; fileEncoding = 4; lastKnownFileType = sourcecode.c.h; path = TException.h; sourceTree = "<group>"; };
		7AFDC7AC17072497006F2CEF /* TException.m */ = {isa = PBXFileReference; fileEncoding = 4; lastKnownFileType = sourcecode.c.objc; path = TException.m; sourceTree = "<group>"; };
		7AFDC7AD17072497006F2CEF /* Thrift.h */ = {isa = PBXFileReference; fileEncoding = 4; lastKnownFileType = sourcecode.c.h; path = Thrift.h; sourceTree = "<group>"; };
		7AFDC7AE17072497006F2CEF /* TObjective-C.h */ = {isa = PBXFileReference; fileEncoding = 4; lastKnownFileType = sourcecode.c.h; path = "TObjective-C.h"; sourceTree = "<group>"; };
		7AFDC7AF17072497006F2CEF /* TProcessor.h */ = {isa = PBXFileReference; fileEncoding = 4; lastKnownFileType = sourcecode.c.h; path = TProcessor.h; sourceTree = "<group>"; };
		7AFDC7B017072497006F2CEF /* TProcessorFactory.h */ = {isa = PBXFileReference; fileEncoding = 4; lastKnownFileType = sourcecode.c.h; path = TProcessorFactory.h; sourceTree = "<group>"; };
		7AFDC7B217072497006F2CEF /* THTTPClient.h */ = {isa = PBXFileReference; fileEncoding = 4; lastKnownFileType = sourcecode.c.h; path = THTTPClient.h; sourceTree = "<group>"; };
		7AFDC7B317072497006F2CEF /* THTTPClient.m */ = {isa = PBXFileReference; fileEncoding = 4; lastKnownFileType = sourcecode.c.objc; path = THTTPClient.m; sourceTree = "<group>"; };
		7AFDC7B417072497006F2CEF /* TMemoryBuffer.h */ = {isa = PBXFileReference; fileEncoding = 4; lastKnownFileType = sourcecode.c.h; path = TMemoryBuffer.h; sourceTree = "<group>"; };
		7AFDC7B517072497006F2CEF /* TMemoryBuffer.m */ = {isa = PBXFileReference; fileEncoding = 4; lastKnownFileType = sourcecode.c.objc; path = TMemoryBuffer.m; sourceTree = "<group>"; };
		7AFDC7B617072497006F2CEF /* TTransport.h */ = {isa = PBXFileReference; fileEncoding = 4; lastKnownFileType = sourcecode.c.h; path = TTransport.h; sourceTree = "<group>"; };
		7AFDC7B717072497006F2CEF /* TTransportException.h */ = {isa = PBXFileReference; fileEncoding = 4; lastKnownFileType = sourcecode.c.h; path = TTransportException.h; sourceTree = "<group>"; };
		7AFDC7B817072497006F2CEF /* TTransportException.m */ = {isa = PBXFileReference; fileEncoding = 4; lastKnownFileType = sourcecode.c.objc; path = TTransportException.m; sourceTree = "<group>"; };
		7AFDC7BA17072497006F2CEF /* EDAM.h */ = {isa = PBXFileReference; fileEncoding = 4; lastKnownFileType = sourcecode.c.h; path = EDAM.h; sourceTree = "<group>"; };
		7AFDC7BB17072497006F2CEF /* EDAMErrors.h */ = {isa = PBXFileReference; fileEncoding = 4; lastKnownFileType = sourcecode.c.h; path = EDAMErrors.h; sourceTree = "<group>"; };
		7AFDC7BC17072497006F2CEF /* EDAMErrors.m */ = {isa = PBXFileReference; fileEncoding = 4; lastKnownFileType = sourcecode.c.objc; path = EDAMErrors.m; sourceTree = "<group>"; };
		7AFDC7BD17072497006F2CEF /* EDAMLimits.h */ = {isa = PBXFileReference; fileEncoding = 4; lastKnownFileType = sourcecode.c.h; path = EDAMLimits.h; sourceTree = "<group>"; };
		7AFDC7BE17072497006F2CEF /* EDAMLimits.m */ = {isa = PBXFileReference; fileEncoding = 4; lastKnownFileType = sourcecode.c.objc; path = EDAMLimits.m; sourceTree = "<group>"; };
		7AFDC7BF17072497006F2CEF /* EDAMNoteStore.h */ = {isa = PBXFileReference; fileEncoding = 4; lastKnownFileType = sourcecode.c.h; path = EDAMNoteStore.h; sourceTree = "<group>"; };
		7AFDC7C017072497006F2CEF /* EDAMNoteStore.m */ = {isa = PBXFileReference; fileEncoding = 4; lastKnownFileType = sourcecode.c.objc; path = EDAMNoteStore.m; sourceTree = "<group>"; };
		7AFDC7C117072497006F2CEF /* EDAMTypes.h */ = {isa = PBXFileReference; fileEncoding = 4; lastKnownFileType = sourcecode.c.h; path = EDAMTypes.h; sourceTree = "<group>"; };
		7AFDC7C217072497006F2CEF /* EDAMTypes.m */ = {isa = PBXFileReference; fileEncoding = 4; lastKnownFileType = sourcecode.c.objc; path = EDAMTypes.m; sourceTree = "<group>"; };
		7AFDC7C317072497006F2CEF /* EDAMUserStore.h */ = {isa = PBXFileReference; fileEncoding = 4; lastKnownFileType = sourcecode.c.h; path = EDAMUserStore.h; sourceTree = "<group>"; };
		7AFDC7C417072497006F2CEF /* EDAMUserStore.m */ = {isa = PBXFileReference; fileEncoding = 4; lastKnownFileType = sourcecode.c.objc; path = EDAMUserStore.m; sourceTree = "<group>"; };
		7AFDC7C517072497006F2CEF /* EDAMNoteStoreClient+Utilities.h */ = {isa = PBXFileReference; fileEncoding = 4; lastKnownFileType = sourcecode.c.h; path = "EDAMNoteStoreClient+Utilities.h"; sourceTree = "<group>"; };
		7AFDC7C617072497006F2CEF /* EDAMNoteStoreClient+Utilities.m */ = {isa = PBXFileReference; fileEncoding = 4; lastKnownFileType = sourcecode.c.objc; path = "EDAMNoteStoreClient+Utilities.m"; sourceTree = "<group>"; };
		7AFDC7C717072497006F2CEF /* ENConstants.h */ = {isa = PBXFileReference; fileEncoding = 4; lastKnownFileType = sourcecode.c.h; path = ENConstants.h; sourceTree = "<group>"; };
		7AFDC7C817072497006F2CEF /* ENConstants.m */ = {isa = PBXFileReference; fileEncoding = 4; lastKnownFileType = sourcecode.c.objc; path = ENConstants.m; sourceTree = "<group>"; };
		7AFDC7C917072497006F2CEF /* evernote-sdk-ios-Prefix.pch */ = {isa = PBXFileReference; fileEncoding = 4; lastKnownFileType = sourcecode.c.h; path = "evernote-sdk-ios-Prefix.pch"; sourceTree = "<group>"; };
		7AFDC7CA17072497006F2CEF /* EvernoteNoteStore+Extras.h */ = {isa = PBXFileReference; fileEncoding = 4; lastKnownFileType = sourcecode.c.h; path = "EvernoteNoteStore+Extras.h"; sourceTree = "<group>"; };
		7AFDC7CB17072497006F2CEF /* EvernoteNoteStore+Extras.m */ = {isa = PBXFileReference; fileEncoding = 4; lastKnownFileType = sourcecode.c.objc; path = "EvernoteNoteStore+Extras.m"; sourceTree = "<group>"; };
		7AFDC7CC17072497006F2CEF /* EvernoteNoteStore.h */ = {isa = PBXFileReference; fileEncoding = 4; lastKnownFileType = sourcecode.c.h; path = EvernoteNoteStore.h; sourceTree = "<group>"; };
		7AFDC7CD17072497006F2CEF /* EvernoteNoteStore.m */ = {isa = PBXFileReference; fileEncoding = 4; lastKnownFileType = sourcecode.c.objc; path = EvernoteNoteStore.m; sourceTree = "<group>"; };
		7AFDC7CE17072497006F2CEF /* EvernoteSDK.h */ = {isa = PBXFileReference; fileEncoding = 4; lastKnownFileType = sourcecode.c.h; path = EvernoteSDK.h; sourceTree = "<group>"; };
		7AFDC7CF17072497006F2CEF /* EvernoteSDK.m */ = {isa = PBXFileReference; fileEncoding = 4; lastKnownFileType = sourcecode.c.objc; path = EvernoteSDK.m; sourceTree = "<group>"; };
		7AFDC7D017072497006F2CEF /* EvernoteSession.h */ = {isa = PBXFileReference; fileEncoding = 4; lastKnownFileType = sourcecode.c.h; path = EvernoteSession.h; sourceTree = "<group>"; };
		7AFDC7D117072497006F2CEF /* EvernoteSession.m */ = {isa = PBXFileReference; fileEncoding = 4; lastKnownFileType = sourcecode.c.objc; path = EvernoteSession.m; sourceTree = "<group>"; };
		7AFDC7D217072497006F2CEF /* EvernoteUserStore+Extras.h */ = {isa = PBXFileReference; fileEncoding = 4; lastKnownFileType = sourcecode.c.h; path = "EvernoteUserStore+Extras.h"; sourceTree = "<group>"; };
		7AFDC7D317072497006F2CEF /* EvernoteUserStore+Extras.m */ = {isa = PBXFileReference; fileEncoding = 4; lastKnownFileType = sourcecode.c.objc; path = "EvernoteUserStore+Extras.m"; sourceTree = "<group>"; };
		7AFDC7D417072497006F2CEF /* EvernoteUserStore.h */ = {isa = PBXFileReference; fileEncoding = 4; lastKnownFileType = sourcecode.c.h; path = EvernoteUserStore.h; sourceTree = "<group>"; };
		7AFDC7D517072497006F2CEF /* EvernoteUserStore.m */ = {isa = PBXFileReference; fileEncoding = 4; lastKnownFileType = sourcecode.c.objc; path = EvernoteUserStore.m; sourceTree = "<group>"; };
		7AFDC7D817072497006F2CEF /* ENApplicationBridge.h */ = {isa = PBXFileReference; fileEncoding = 4; lastKnownFileType = sourcecode.c.h; path = ENApplicationBridge.h; sourceTree = "<group>"; };
		7AFDC7D917072497006F2CEF /* ENApplicationBridge.m */ = {isa = PBXFileReference; fileEncoding = 4; lastKnownFileType = sourcecode.c.objc; path = ENApplicationBridge.m; sourceTree = "<group>"; };
		7AFDC7DA17072497006F2CEF /* ENApplicationBridge_Private.h */ = {isa = PBXFileReference; fileEncoding = 4; lastKnownFileType = sourcecode.c.h; path = ENApplicationBridge_Private.h; sourceTree = "<group>"; };
		7AFDC7DB17072497006F2CEF /* ENApplicationRequest.h */ = {isa = PBXFileReference; fileEncoding = 4; lastKnownFileType = sourcecode.c.h; path = ENApplicationRequest.h; sourceTree = "<group>"; };
		7AFDC7DC17072497006F2CEF /* ENAuthenticationRequest.h */ = {isa = PBXFileReference; fileEncoding = 4; lastKnownFileType = sourcecode.c.h; path = ENAuthenticationRequest.h; sourceTree = "<group>"; };
		7AFDC7DD17072497006F2CEF /* ENAuthenticationRequest.m */ = {isa = PBXFileReference; fileEncoding = 4; lastKnownFileType = sourcecode.c.objc; path = ENAuthenticationRequest.m; sourceTree = "<group>"; };
		7AFDC7DE17072497006F2CEF /* ENLinkNotebookRequest.h */ = {isa = PBXFileReference; fileEncoding = 4; lastKnownFileType = sourcecode.c.h; path = ENLinkNotebookRequest.h; sourceTree = "<group>"; };
		7AFDC7DF17072497006F2CEF /* ENLinkNotebookRequest.m */ = {isa = PBXFileReference; fileEncoding = 4; lastKnownFileType = sourcecode.c.objc; path = ENLinkNotebookRequest.m; sourceTree = "<group>"; };
		7AFDC7E017072497006F2CEF /* ENNewNoteRequest.h */ = {isa = PBXFileReference; fileEncoding = 4; lastKnownFileType = sourcecode.c.h; path = ENNewNoteRequest.h; sourceTree = "<group>"; };
		7AFDC7E117072497006F2CEF /* ENNewNoteRequest.m */ = {isa = PBXFileReference; fileEncoding = 4; lastKnownFileType = sourcecode.c.objc; path = ENNewNoteRequest.m; sourceTree = "<group>"; };
		7AFDC7E217072497006F2CEF /* ENNoteImportRequest.h */ = {isa = PBXFileReference; fileEncoding = 4; lastKnownFileType = sourcecode.c.h; path = ENNoteImportRequest.h; sourceTree = "<group>"; };
		7AFDC7E317072497006F2CEF /* ENNoteImportRequest.m */ = {isa = PBXFileReference; fileEncoding = 4; lastKnownFileType = sourcecode.c.objc; path = ENNoteImportRequest.m; sourceTree = "<group>"; };
		7AFDC7E417072497006F2CEF /* ENNoteViewRequest.h */ = {isa = PBXFileReference; fileEncoding = 4; lastKnownFileType = sourcecode.c.h; path = ENNoteViewRequest.h; sourceTree = "<group>"; };
		7AFDC7E517072497006F2CEF /* ENNoteViewRequest.m */ = {isa = PBXFileReference; fileEncoding = 4; lastKnownFileType = sourcecode.c.objc; path = ENNoteViewRequest.m; sourceTree = "<group>"; };
		7AFDC7E617072497006F2CEF /* ENResourceAttachment.h */ = {isa = PBXFileReference; fileEncoding = 4; lastKnownFileType = sourcecode.c.h; path = ENResourceAttachment.h; sourceTree = "<group>"; };
		7AFDC7E717072497006F2CEF /* ENResourceAttachment.m */ = {isa = PBXFileReference; fileEncoding = 4; lastKnownFileType = sourcecode.c.objc; path = ENResourceAttachment.m; sourceTree = "<group>"; };
		7AFDC7E817072497006F2CEF /* ENSearchRequest.h */ = {isa = PBXFileReference; fileEncoding = 4; lastKnownFileType = sourcecode.c.h; path = ENSearchRequest.h; sourceTree = "<group>"; };
		7AFDC7E917072497006F2CEF /* ENSearchRequest.m */ = {isa = PBXFileReference; fileEncoding = 4; lastKnownFileType = sourcecode.c.objc; path = ENSearchRequest.m; sourceTree = "<group>"; };
		7AFDC7EA17072497006F2CEF /* EvernoteBridge.h */ = {isa = PBXFileReference; fileEncoding = 4; lastKnownFileType = sourcecode.c.h; path = EvernoteBridge.h; sourceTree = "<group>"; };
		7AFDC7EB17072497006F2CEF /* ENAPI.h */ = {isa = PBXFileReference; fileEncoding = 4; lastKnownFileType = sourcecode.c.h; path = ENAPI.h; sourceTree = "<group>"; };
		7AFDC7EC17072497006F2CEF /* ENAPI.m */ = {isa = PBXFileReference; fileEncoding = 4; lastKnownFileType = sourcecode.c.objc; path = ENAPI.m; sourceTree = "<group>"; };
		7AFDC7ED17072497006F2CEF /* ENCredentials.h */ = {isa = PBXFileReference; fileEncoding = 4; lastKnownFileType = sourcecode.c.h; path = ENCredentials.h; sourceTree = "<group>"; };
		7AFDC7EE17072497006F2CEF /* ENCredentials.m */ = {isa = PBXFileReference; fileEncoding = 4; lastKnownFileType = sourcecode.c.objc; path = ENCredentials.m; sourceTree = "<group>"; };
		7AFDC7EF17072497006F2CEF /* ENCredentialStore.h */ = {isa = PBXFileReference; fileEncoding = 4; lastKnownFileType = sourcecode.c.h; path = ENCredentialStore.h; sourceTree = "<group>"; };
		7AFDC7F017072497006F2CEF /* ENCredentialStore.m */ = {isa = PBXFileReference; fileEncoding = 4; lastKnownFileType = sourcecode.c.objc; path = ENCredentialStore.m; sourceTree = "<group>"; };
		7AFDC7F117072497006F2CEF /* ENOAuthViewController.h */ = {isa = PBXFileReference; fileEncoding = 4; lastKnownFileType = sourcecode.c.h; path = ENOAuthViewController.h; sourceTree = "<group>"; };
		7AFDC7F217072497006F2CEF /* ENOAuthViewController.m */ = {isa = PBXFileReference; fileEncoding = 4; lastKnownFileType = sourcecode.c.objc; path = ENOAuthViewController.m; sourceTree = "<group>"; };
		7AFDC7F417072497006F2CEF /* EvernoteSDK.strings */ = {isa = PBXFileReference; fileEncoding = 4; lastKnownFileType = text.plist.strings; path = EvernoteSDK.strings; sourceTree = "<group>"; };
		7AFDC7F617072497006F2CEF /* ENMLUtility.h */ = {isa = PBXFileReference; fileEncoding = 4; lastKnownFileType = sourcecode.c.h; path = ENMLUtility.h; sourceTree = "<group>"; };
		7AFDC7F717072497006F2CEF /* ENMLUtility.m */ = {isa = PBXFileReference; fileEncoding = 4; lastKnownFileType = sourcecode.c.objc; path = ENMLUtility.m; sourceTree = "<group>"; };
		7AFDC7F817072497006F2CEF /* NSData+EvernoteSDK.h */ = {isa = PBXFileReference; fileEncoding = 4; lastKnownFileType = sourcecode.c.h; path = "NSData+EvernoteSDK.h"; sourceTree = "<group>"; };
		7AFDC7F917072497006F2CEF /* NSData+EvernoteSDK.m */ = {isa = PBXFileReference; fileEncoding = 4; lastKnownFileType = sourcecode.c.objc; path = "NSData+EvernoteSDK.m"; sourceTree = "<group>"; };
		7AFDC7FA17072497006F2CEF /* NSDataBase64Additions.h */ = {isa = PBXFileReference; fileEncoding = 4; lastKnownFileType = sourcecode.c.h; path = NSDataBase64Additions.h; sourceTree = "<group>"; };
		7AFDC7FB17072497006F2CEF /* NSDataBase64Additions.m */ = {isa = PBXFileReference; fileEncoding = 4; lastKnownFileType = sourcecode.c.objc; path = NSDataBase64Additions.m; sourceTree = "<group>"; };
		7AFDC7FC17072497006F2CEF /* NSDate+EDAMAdditions.h */ = {isa = PBXFileReference; fileEncoding = 4; lastKnownFileType = sourcecode.c.h; path = "NSDate+EDAMAdditions.h"; sourceTree = "<group>"; };
		7AFDC7FD17072497006F2CEF /* NSDate+EDAMAdditions.m */ = {isa = PBXFileReference; fileEncoding = 4; lastKnownFileType = sourcecode.c.objc; path = "NSDate+EDAMAdditions.m"; sourceTree = "<group>"; };
		7AFDC834170724C6006F2CEF /* StoreKit.framework */ = {isa = PBXFileReference; lastKnownFileType = wrapper.framework; name = StoreKit.framework; path = System/Library/Frameworks/StoreKit.framework; sourceTree = SDKROOT; };
		7AFDC836170724CC006F2CEF /* Security.framework */ = {isa = PBXFileReference; lastKnownFileType = wrapper.framework; name = Security.framework; path = System/Library/Frameworks/Security.framework; sourceTree = SDKROOT; };
/* End PBXFileReference section */

/* Begin PBXFrameworksBuildPhase section */
		7AF0EC4E16E238E10081085E /* Frameworks */ = {
			isa = PBXFrameworksBuildPhase;
			buildActionMask = 2147483647;
			files = (
				7AFDC837170724CC006F2CEF /* Security.framework in Frameworks */,
				7AFDC835170724C6006F2CEF /* StoreKit.framework in Frameworks */,
				7AF0EC5516E238E10081085E /* UIKit.framework in Frameworks */,
				7AF0EC5716E238E10081085E /* Foundation.framework in Frameworks */,
				7AF0EC5916E238E10081085E /* CoreGraphics.framework in Frameworks */,
				7AF0EC9216E23DAE0081085E /* opencv2.framework in Frameworks */,
			);
			runOnlyForDeploymentPostprocessing = 0;
		};
		7AF0EC7316E238E10081085E /* Frameworks */ = {
			isa = PBXFrameworksBuildPhase;
			buildActionMask = 2147483647;
			files = (
				7AF0EC7916E238E10081085E /* SenTestingKit.framework in Frameworks */,
				7AF0EC7A16E238E10081085E /* UIKit.framework in Frameworks */,
				7AF0EC7B16E238E10081085E /* Foundation.framework in Frameworks */,
			);
			runOnlyForDeploymentPostprocessing = 0;
		};
/* End PBXFrameworksBuildPhase section */

/* Begin PBXGroup section */
		7AA90C9916F7F50A00BBCC9E /* libjpeg */ = {
			isa = PBXGroup;
			children = (
				7AA90C9A16F7F50A00BBCC9E /* CMakeLists.txt */,
				7AA90C9B16F7F50A00BBCC9E /* jcapimin.c */,
				7AA90C9C16F7F50A00BBCC9E /* jcapistd.c */,
				7AA90C9D16F7F50A00BBCC9E /* jccoefct.c */,
				7AA90C9E16F7F50A00BBCC9E /* jccolor.c */,
				7AA90C9F16F7F50A00BBCC9E /* jcdctmgr.c */,
				7AA90CA016F7F50A00BBCC9E /* jchuff.c */,
				7AA90CA116F7F50A00BBCC9E /* jchuff.h */,
				7AA90CA216F7F50A00BBCC9E /* jcinit.c */,
				7AA90CA316F7F50A00BBCC9E /* jcmainct.c */,
				7AA90CA416F7F50A00BBCC9E /* jcmarker.c */,
				7AA90CA516F7F50A00BBCC9E /* jcmaster.c */,
				7AA90CA616F7F50A00BBCC9E /* jcomapi.c */,
				7AA90CA716F7F50A00BBCC9E /* jconfig.h */,
				7AA90CA816F7F50A00BBCC9E /* jcparam.c */,
				7AA90CA916F7F50A00BBCC9E /* jcphuff.c */,
				7AA90CAA16F7F50A00BBCC9E /* jcprepct.c */,
				7AA90CAB16F7F50A00BBCC9E /* jcsample.c */,
				7AA90CAC16F7F50A00BBCC9E /* jctrans.c */,
				7AA90CAD16F7F50A00BBCC9E /* jdapimin.c */,
				7AA90CAE16F7F50A00BBCC9E /* jdapistd.c */,
				7AA90CAF16F7F50A00BBCC9E /* jdatadst.c */,
				7AA90CB016F7F50A00BBCC9E /* jdatasrc.c */,
				7AA90CB116F7F50A00BBCC9E /* jdcoefct.c */,
				7AA90CB216F7F50A00BBCC9E /* jdcolor.c */,
				7AA90CB316F7F50A00BBCC9E /* jdct.h */,
				7AA90CB416F7F50A00BBCC9E /* jddctmgr.c */,
				7AA90CB516F7F50A00BBCC9E /* jdhuff.c */,
				7AA90CB616F7F50A00BBCC9E /* jdhuff.h */,
				7AA90CB716F7F50A00BBCC9E /* jdinput.c */,
				7AA90CB816F7F50A00BBCC9E /* jdmainct.c */,
				7AA90CB916F7F50A00BBCC9E /* jdmarker.c */,
				7AA90CBA16F7F50A00BBCC9E /* jdmaster.c */,
				7AA90CBB16F7F50A00BBCC9E /* jdmerge.c */,
				7AA90CBC16F7F50A00BBCC9E /* jdphuff.c */,
				7AA90CBD16F7F50A00BBCC9E /* jdpostct.c */,
				7AA90CBE16F7F50A00BBCC9E /* jdsample.c */,
				7AA90CBF16F7F50A00BBCC9E /* jdtrans.c */,
				7AA90CC016F7F50A00BBCC9E /* jerror.c */,
				7AA90CC116F7F50A00BBCC9E /* jerror.h */,
				7AA90CC216F7F50A00BBCC9E /* jfdctflt.c */,
				7AA90CC316F7F50A00BBCC9E /* jfdctfst.c */,
				7AA90CC416F7F50A00BBCC9E /* jfdctint.c */,
				7AA90CC516F7F50A00BBCC9E /* jidctflt.c */,
				7AA90CC616F7F50A00BBCC9E /* jidctfst.c */,
				7AA90CC716F7F50A00BBCC9E /* jidctint.c */,
				7AA90CC816F7F50A00BBCC9E /* jidctred.c */,
				7AA90CC916F7F50A00BBCC9E /* jinclude.h */,
				7AA90CCA16F7F50A00BBCC9E /* jmemansi.c */,
				7AA90CCB16F7F50A00BBCC9E /* jmemmgr.c */,
				7AA90CCC16F7F50A00BBCC9E /* jmemsys.h */,
				7AA90CCD16F7F50A00BBCC9E /* jmorecfg.h */,
				7AA90CCE16F7F50A00BBCC9E /* jpegint.h */,
				7AA90CCF16F7F50A00BBCC9E /* jpeglib.h */,
				7AA90CD016F7F50A00BBCC9E /* jquant1.c */,
				7AA90CD116F7F50A00BBCC9E /* jquant2.c */,
				7AA90CD216F7F50A00BBCC9E /* jutils.c */,
				7AA90CD316F7F50A00BBCC9E /* jversion.h */,
				7AA90CD416F7F50A00BBCC9E /* README */,
				7AA90CD516F7F50A00BBCC9E /* transupp.c */,
				7AA90CD616F7F50A00BBCC9E /* transupp.h */,
			);
			name = libjpeg;
			path = OpenCVApp/libjpeg;
			sourceTree = "<group>";
		};
		7AF0EC4816E238E10081085E = {
			isa = PBXGroup;
			children = (
				7AF0EC5A16E238E10081085E /* OpenCVApp */,
				7AF0EC7E16E238E10081085E /* OpenCVAppTests */,
				7AFDC77D17072497006F2CEF /* evernote-sdk-ios */,
				7AF0EC5316E238E10081085E /* Frameworks */,
				7AF0EC5216E238E10081085E /* Products */,
			);
			sourceTree = "<group>";
		};
		7AF0EC5216E238E10081085E /* Products */ = {
			isa = PBXGroup;
			children = (
				7AF0EC5116E238E10081085E /* OpenCVApp.app */,
				7AF0EC7716E238E10081085E /* OpenCVAppTests.octest */,
			);
			name = Products;
			sourceTree = "<group>";
		};
		7AF0EC5316E238E10081085E /* Frameworks */ = {
			isa = PBXGroup;
			children = (
				7AA90C9916F7F50A00BBCC9E /* libjpeg */,
				7AFDC834170724C6006F2CEF /* StoreKit.framework */,
				7AFDC836170724CC006F2CEF /* Security.framework */,
				7AF0EC9116E23DAE0081085E /* opencv2.framework */,
				7AF0EC5416E238E10081085E /* UIKit.framework */,
				7AF0EC5616E238E10081085E /* Foundation.framework */,
				7AF0EC5816E238E10081085E /* CoreGraphics.framework */,
				7AF0EC7816E238E10081085E /* SenTestingKit.framework */,
			);
			name = Frameworks;
			sourceTree = "<group>";
		};
		7AF0EC5A16E238E10081085E /* OpenCVApp */ = {
			isa = PBXGroup;
			children = (
				7AF0EC9316E240B70081085E /* neko_tsubaki_blue_car.jpg */,
				7AF0EC6316E238E10081085E /* CVAppDelegate.h */,
				7AF0EC6416E238E10081085E /* CVAppDelegate.m */,
				7AF0EC6C16E238E10081085E /* MainStoryboard.storyboard */,
				7AF0EC6F16E238E10081085E /* CVViewController.h */,
				7AF0EC7016E238E10081085E /* CVViewController.mm */,
				7A04081A16F6DD5C0083F041 /* CVImageTableViewController.h */,
				7A04081B16F6DD5C0083F041 /* CVImageTableViewController.m */,
				7AF0EC5B16E238E10081085E /* Supporting Files */,
				7A0408D516FB572D0083F041 /* CVImageViewController.h */,
				7A0408D616FB572E0083F041 /* CVImageViewController.m */,
			);
			path = OpenCVApp;
			sourceTree = "<group>";
		};
		7AF0EC5B16E238E10081085E /* Supporting Files */ = {
			isa = PBXGroup;
			children = (
				7AF0EC5C16E238E10081085E /* OpenCVApp-Info.plist */,
				7AF0EC5D16E238E10081085E /* InfoPlist.strings */,
				7AF0EC6016E238E10081085E /* main.m */,
				7AF0EC6216E238E10081085E /* OpenCVApp-Prefix.pch */,
				7AF0EC6616E238E10081085E /* Default.png */,
				7AF0EC6816E238E10081085E /* Default@2x.png */,
				7AF0EC6A16E238E10081085E /* Default-568h@2x.png */,
			);
			name = "Supporting Files";
			sourceTree = "<group>";
		};
		7AF0EC7E16E238E10081085E /* OpenCVAppTests */ = {
			isa = PBXGroup;
			children = (
				7AF0EC8416E238E10081085E /* OpenCVAppTests.h */,
				7AF0EC8516E238E10081085E /* OpenCVAppTests.m */,
				7AF0EC7F16E238E10081085E /* Supporting Files */,
			);
			path = OpenCVAppTests;
			sourceTree = "<group>";
		};
		7AF0EC7F16E238E10081085E /* Supporting Files */ = {
			isa = PBXGroup;
			children = (
				7AF0EC8016E238E10081085E /* OpenCVAppTests-Info.plist */,
				7AF0EC8116E238E10081085E /* InfoPlist.strings */,
			);
			name = "Supporting Files";
			sourceTree = "<group>";
		};
		7AFDC77D17072497006F2CEF /* evernote-sdk-ios */ = {
			isa = PBXGroup;
			children = (
				7AFDC77E17072497006F2CEF /* 3rdParty */,
				7AFDC7B917072497006F2CEF /* EDAM */,
				7AFDC7C517072497006F2CEF /* EDAMNoteStoreClient+Utilities.h */,
				7AFDC7C617072497006F2CEF /* EDAMNoteStoreClient+Utilities.m */,
				7AFDC7C717072497006F2CEF /* ENConstants.h */,
				7AFDC7C817072497006F2CEF /* ENConstants.m */,
				7AFDC7C917072497006F2CEF /* evernote-sdk-ios-Prefix.pch */,
				7AFDC7CA17072497006F2CEF /* EvernoteNoteStore+Extras.h */,
				7AFDC7CB17072497006F2CEF /* EvernoteNoteStore+Extras.m */,
				7AFDC7CC17072497006F2CEF /* EvernoteNoteStore.h */,
				7AFDC7CD17072497006F2CEF /* EvernoteNoteStore.m */,
				7AFDC7CE17072497006F2CEF /* EvernoteSDK.h */,
				7AFDC7CF17072497006F2CEF /* EvernoteSDK.m */,
				7AFDC7D017072497006F2CEF /* EvernoteSession.h */,
				7AFDC7D117072497006F2CEF /* EvernoteSession.m */,
				7AFDC7D217072497006F2CEF /* EvernoteUserStore+Extras.h */,
				7AFDC7D317072497006F2CEF /* EvernoteUserStore+Extras.m */,
				7AFDC7D417072497006F2CEF /* EvernoteUserStore.h */,
				7AFDC7D517072497006F2CEF /* EvernoteUserStore.m */,
				7AFDC7D617072497006F2CEF /* internal */,
				7AFDC7F517072497006F2CEF /* Utilities */,
			);
			path = "evernote-sdk-ios";
			sourceTree = "<group>";
		};
		7AFDC77E17072497006F2CEF /* 3rdParty */ = {
			isa = PBXGroup;
			children = (
				7AFDC77F17072497006F2CEF /* AFNetworking */,
				7AFDC78217072497006F2CEF /* cocoa-oauth */,
				7AFDC78817072497006F2CEF /* KSHTMLWriter */,
				7AFDC79617072497006F2CEF /* NSString+URLEncoding */,
				7AFDC79A17072497006F2CEF /* SSKeychain */,
				7AFDC79E17072497006F2CEF /* Thrift */,
			);
			path = 3rdParty;
			sourceTree = "<group>";
		};
		7AFDC77F17072497006F2CEF /* AFNetworking */ = {
			isa = PBXGroup;
			children = (
				7AFDC78017072497006F2CEF /* ENAFURLConnectionOperation.h */,
				7AFDC78117072497006F2CEF /* ENAFURLConnectionOperation.m */,
			);
			path = AFNetworking;
			sourceTree = "<group>";
		};
		7AFDC78217072497006F2CEF /* cocoa-oauth */ = {
			isa = PBXGroup;
			children = (
				7AFDC78317072497006F2CEF /* ENGCOAuth.h */,
				7AFDC78417072497006F2CEF /* ENGCOAuth.m */,
				7AFDC78517072497006F2CEF /* LICENSE */,
				7AFDC78617072497006F2CEF /* NSData+ENBase64.h */,
				7AFDC78717072497006F2CEF /* NSData+ENBase64.m */,
			);
			path = "cocoa-oauth";
			sourceTree = "<group>";
		};
		7AFDC78817072497006F2CEF /* KSHTMLWriter */ = {
			isa = PBXGroup;
			children = (
				7AFDC78917072497006F2CEF /* KSForwardingWriter.h */,
				7AFDC78A17072497006F2CEF /* KSForwardingWriter.m */,
				7AFDC78B17072497006F2CEF /* KSHTMLWriter.h */,
				7AFDC78C17072497006F2CEF /* KSHTMLWriter.m */,
				7AFDC78D17072497006F2CEF /* KSWriter.h */,
				7AFDC78E17072497006F2CEF /* KSWriter.m */,
				7AFDC78F17072497006F2CEF /* KSXMLAttributes.h */,
				7AFDC79017072497006F2CEF /* KSXMLAttributes.m */,
				7AFDC79117072497006F2CEF /* KSXMLWriter.h */,
				7AFDC79217072497006F2CEF /* KSXMLWriter.m */,
				7AFDC79317072497006F2CEF /* LICENSE.txt */,
				7AFDC79417072497006F2CEF /* NSString+XMLAdditions.h */,
				7AFDC79517072497006F2CEF /* NSString+XMLAdditions.m */,
			);
			path = KSHTMLWriter;
			sourceTree = "<group>";
		};
		7AFDC79617072497006F2CEF /* NSString+URLEncoding */ = {
			isa = PBXGroup;
			children = (
				7AFDC79717072497006F2CEF /* LICENSE */,
				7AFDC79817072497006F2CEF /* NSString+URLEncoding.h */,
				7AFDC79917072497006F2CEF /* NSString+URLEncoding.m */,
			);
			path = "NSString+URLEncoding";
			sourceTree = "<group>";
		};
		7AFDC79A17072497006F2CEF /* SSKeychain */ = {
			isa = PBXGroup;
			children = (
				7AFDC79B17072497006F2CEF /* LICENSE */,
				7AFDC79C17072497006F2CEF /* SSKeychain.h */,
				7AFDC79D17072497006F2CEF /* SSKeychain.m */,
			);
			path = SSKeychain;
			sourceTree = "<group>";
		};
		7AFDC79E17072497006F2CEF /* Thrift */ = {
			isa = PBXGroup;
			children = (
				7AFDC79F17072497006F2CEF /* LICENSE */,
				7AFDC7A017072497006F2CEF /* protocol */,
				7AFDC7A917072497006F2CEF /* TApplicationException.h */,
				7AFDC7AA17072497006F2CEF /* TApplicationException.m */,
				7AFDC7AB17072497006F2CEF /* TException.h */,
				7AFDC7AC17072497006F2CEF /* TException.m */,
				7AFDC7AD17072497006F2CEF /* Thrift.h */,
				7AFDC7AE17072497006F2CEF /* TObjective-C.h */,
				7AFDC7AF17072497006F2CEF /* TProcessor.h */,
				7AFDC7B017072497006F2CEF /* TProcessorFactory.h */,
				7AFDC7B117072497006F2CEF /* transport */,
			);
			path = Thrift;
			sourceTree = "<group>";
		};
		7AFDC7A017072497006F2CEF /* protocol */ = {
			isa = PBXGroup;
			children = (
				7AFDC7A117072497006F2CEF /* TBinaryProtocol.h */,
				7AFDC7A217072497006F2CEF /* TBinaryProtocol.m */,
				7AFDC7A317072497006F2CEF /* TProtocol.h */,
				7AFDC7A417072497006F2CEF /* TProtocolException.h */,
				7AFDC7A517072497006F2CEF /* TProtocolException.m */,
				7AFDC7A617072497006F2CEF /* TProtocolFactory.h */,
				7AFDC7A717072497006F2CEF /* TProtocolUtil.h */,
				7AFDC7A817072497006F2CEF /* TProtocolUtil.m */,
			);
			path = protocol;
			sourceTree = "<group>";
		};
		7AFDC7B117072497006F2CEF /* transport */ = {
			isa = PBXGroup;
			children = (
				7AFDC7B217072497006F2CEF /* THTTPClient.h */,
				7AFDC7B317072497006F2CEF /* THTTPClient.m */,
				7AFDC7B417072497006F2CEF /* TMemoryBuffer.h */,
				7AFDC7B517072497006F2CEF /* TMemoryBuffer.m */,
				7AFDC7B617072497006F2CEF /* TTransport.h */,
				7AFDC7B717072497006F2CEF /* TTransportException.h */,
				7AFDC7B817072497006F2CEF /* TTransportException.m */,
			);
			path = transport;
			sourceTree = "<group>";
		};
		7AFDC7B917072497006F2CEF /* EDAM */ = {
			isa = PBXGroup;
			children = (
				7AFDC7BA17072497006F2CEF /* EDAM.h */,
				7AFDC7BB17072497006F2CEF /* EDAMErrors.h */,
				7AFDC7BC17072497006F2CEF /* EDAMErrors.m */,
				7AFDC7BD17072497006F2CEF /* EDAMLimits.h */,
				7AFDC7BE17072497006F2CEF /* EDAMLimits.m */,
				7AFDC7BF17072497006F2CEF /* EDAMNoteStore.h */,
				7AFDC7C017072497006F2CEF /* EDAMNoteStore.m */,
				7AFDC7C117072497006F2CEF /* EDAMTypes.h */,
				7AFDC7C217072497006F2CEF /* EDAMTypes.m */,
				7AFDC7C317072497006F2CEF /* EDAMUserStore.h */,
				7AFDC7C417072497006F2CEF /* EDAMUserStore.m */,
			);
			path = EDAM;
			sourceTree = "<group>";
		};
		7AFDC7D617072497006F2CEF /* internal */ = {
			isa = PBXGroup;
			children = (
				7AFDC7D717072497006F2CEF /* Bridge */,
				7AFDC7EB17072497006F2CEF /* ENAPI.h */,
				7AFDC7EC17072497006F2CEF /* ENAPI.m */,
				7AFDC7ED17072497006F2CEF /* ENCredentials.h */,
				7AFDC7EE17072497006F2CEF /* ENCredentials.m */,
				7AFDC7EF17072497006F2CEF /* ENCredentialStore.h */,
				7AFDC7F017072497006F2CEF /* ENCredentialStore.m */,
				7AFDC7F117072497006F2CEF /* ENOAuthViewController.h */,
				7AFDC7F217072497006F2CEF /* ENOAuthViewController.m */,
				7AFDC7F317072497006F2CEF /* Resources */,
			);
			path = internal;
			sourceTree = "<group>";
		};
		7AFDC7D717072497006F2CEF /* Bridge */ = {
			isa = PBXGroup;
			children = (
				7AFDC7D817072497006F2CEF /* ENApplicationBridge.h */,
				7AFDC7D917072497006F2CEF /* ENApplicationBridge.m */,
				7AFDC7DA17072497006F2CEF /* ENApplicationBridge_Private.h */,
				7AFDC7DB17072497006F2CEF /* ENApplicationRequest.h */,
				7AFDC7DC17072497006F2CEF /* ENAuthenticationRequest.h */,
				7AFDC7DD17072497006F2CEF /* ENAuthenticationRequest.m */,
				7AFDC7DE17072497006F2CEF /* ENLinkNotebookRequest.h */,
				7AFDC7DF17072497006F2CEF /* ENLinkNotebookRequest.m */,
				7AFDC7E017072497006F2CEF /* ENNewNoteRequest.h */,
				7AFDC7E117072497006F2CEF /* ENNewNoteRequest.m */,
				7AFDC7E217072497006F2CEF /* ENNoteImportRequest.h */,
				7AFDC7E317072497006F2CEF /* ENNoteImportRequest.m */,
				7AFDC7E417072497006F2CEF /* ENNoteViewRequest.h */,
				7AFDC7E517072497006F2CEF /* ENNoteViewRequest.m */,
				7AFDC7E617072497006F2CEF /* ENResourceAttachment.h */,
				7AFDC7E717072497006F2CEF /* ENResourceAttachment.m */,
				7AFDC7E817072497006F2CEF /* ENSearchRequest.h */,
				7AFDC7E917072497006F2CEF /* ENSearchRequest.m */,
				7AFDC7EA17072497006F2CEF /* EvernoteBridge.h */,
			);
			path = Bridge;
			sourceTree = "<group>";
		};
		7AFDC7F317072497006F2CEF /* Resources */ = {
			isa = PBXGroup;
			children = (
				7AFDC7F417072497006F2CEF /* EvernoteSDK.strings */,
			);
			path = Resources;
			sourceTree = "<group>";
		};
		7AFDC7F517072497006F2CEF /* Utilities */ = {
			isa = PBXGroup;
			children = (
				7AFDC7F617072497006F2CEF /* ENMLUtility.h */,
				7AFDC7F717072497006F2CEF /* ENMLUtility.m */,
				7AFDC7F817072497006F2CEF /* NSData+EvernoteSDK.h */,
				7AFDC7F917072497006F2CEF /* NSData+EvernoteSDK.m */,
				7AFDC7FA17072497006F2CEF /* NSDataBase64Additions.h */,
				7AFDC7FB17072497006F2CEF /* NSDataBase64Additions.m */,
				7AFDC7FC17072497006F2CEF /* NSDate+EDAMAdditions.h */,
				7AFDC7FD17072497006F2CEF /* NSDate+EDAMAdditions.m */,
			);
			path = Utilities;
			sourceTree = "<group>";
		};
/* End PBXGroup section */

/* Begin PBXNativeTarget section */
		7AF0EC5016E238E10081085E /* OpenCVApp */ = {
			isa = PBXNativeTarget;
			buildConfigurationList = 7AF0EC8916E238E10081085E /* Build configuration list for PBXNativeTarget "OpenCVApp" */;
			buildPhases = (
				7AF0EC4D16E238E10081085E /* Sources */,
				7AF0EC4E16E238E10081085E /* Frameworks */,
				7AF0EC4F16E238E10081085E /* Resources */,
			);
			buildRules = (
			);
			dependencies = (
			);
			name = OpenCVApp;
			productName = OpenCVApp;
			productReference = 7AF0EC5116E238E10081085E /* OpenCVApp.app */;
			productType = "com.apple.product-type.application";
		};
		7AF0EC7616E238E10081085E /* OpenCVAppTests */ = {
			isa = PBXNativeTarget;
			buildConfigurationList = 7AF0EC8C16E238E10081085E /* Build configuration list for PBXNativeTarget "OpenCVAppTests" */;
			buildPhases = (
				7AF0EC7216E238E10081085E /* Sources */,
				7AF0EC7316E238E10081085E /* Frameworks */,
				7AF0EC7416E238E10081085E /* Resources */,
				7AF0EC7516E238E10081085E /* ShellScript */,
			);
			buildRules = (
			);
			dependencies = (
				7AF0EC7D16E238E10081085E /* PBXTargetDependency */,
			);
			name = OpenCVAppTests;
			productName = OpenCVAppTests;
			productReference = 7AF0EC7716E238E10081085E /* OpenCVAppTests.octest */;
			productType = "com.apple.product-type.bundle";
		};
/* End PBXNativeTarget section */

/* Begin PBXProject section */
		7AF0EC4916E238E10081085E /* Project object */ = {
			isa = PBXProject;
			attributes = {
				CLASSPREFIX = CV;
				LastUpgradeCheck = 0460;
				ORGANIZATIONNAME = chikuwaprog.com;
			};
			buildConfigurationList = 7AF0EC4C16E238E10081085E /* Build configuration list for PBXProject "OpenCVApp" */;
			compatibilityVersion = "Xcode 3.2";
			developmentRegion = English;
			hasScannedForEncodings = 0;
			knownRegions = (
				en,
			);
			mainGroup = 7AF0EC4816E238E10081085E;
			productRefGroup = 7AF0EC5216E238E10081085E /* Products */;
			projectDirPath = "";
			projectRoot = "";
			targets = (
				7AF0EC5016E238E10081085E /* OpenCVApp */,
				7AF0EC7616E238E10081085E /* OpenCVAppTests */,
			);
		};
/* End PBXProject section */

/* Begin PBXResourcesBuildPhase section */
		7AF0EC4F16E238E10081085E /* Resources */ = {
			isa = PBXResourcesBuildPhase;
			buildActionMask = 2147483647;
			files = (
				7AF0EC5F16E238E10081085E /* InfoPlist.strings in Resources */,
				7AF0EC6716E238E10081085E /* Default.png in Resources */,
				7AF0EC6916E238E10081085E /* Default@2x.png in Resources */,
				7AF0EC6B16E238E10081085E /* Default-568h@2x.png in Resources */,
				7AF0EC6E16E238E10081085E /* MainStoryboard.storyboard in Resources */,
				7AF0EC9416E240B70081085E /* neko_tsubaki_blue_car.jpg in Resources */,
				7AA90CD716F7F50A00BBCC9E /* CMakeLists.txt in Resources */,
				7AA90D0616F7F50A00BBCC9E /* README in Resources */,
				7AFDC80017072497006F2CEF /* LICENSE in Resources */,
				7AFDC80717072497006F2CEF /* LICENSE.txt in Resources */,
				7AFDC80917072497006F2CEF /* LICENSE in Resources */,
				7AFDC80B17072497006F2CEF /* LICENSE in Resources */,
				7AFDC80D17072497006F2CEF /* LICENSE in Resources */,
				7AFDC82F17072497006F2CEF /* EvernoteSDK.strings in Resources */,
			);
			runOnlyForDeploymentPostprocessing = 0;
		};
		7AF0EC7416E238E10081085E /* Resources */ = {
			isa = PBXResourcesBuildPhase;
			buildActionMask = 2147483647;
			files = (
				7AF0EC8316E238E10081085E /* InfoPlist.strings in Resources */,
			);
			runOnlyForDeploymentPostprocessing = 0;
		};
/* End PBXResourcesBuildPhase section */

/* Begin PBXShellScriptBuildPhase section */
		7AF0EC7516E238E10081085E /* ShellScript */ = {
			isa = PBXShellScriptBuildPhase;
			buildActionMask = 2147483647;
			files = (
			);
			inputPaths = (
			);
			outputPaths = (
			);
			runOnlyForDeploymentPostprocessing = 0;
			shellPath = /bin/sh;
			shellScript = "# Run the unit tests in this test bundle.\n\"${SYSTEM_DEVELOPER_DIR}/Tools/RunUnitTests\"\n";
		};
/* End PBXShellScriptBuildPhase section */

/* Begin PBXSourcesBuildPhase section */
		7AF0EC4D16E238E10081085E /* Sources */ = {
			isa = PBXSourcesBuildPhase;
			buildActionMask = 2147483647;
			files = (
				7AF0EC6116E238E10081085E /* main.m in Sources */,
				7AF0EC6516E238E10081085E /* CVAppDelegate.m in Sources */,
				7A04081916F6CE7B0083F041 /* CVViewController.mm in Sources */,
				7A04081C16F6DD5C0083F041 /* CVImageTableViewController.m in Sources */,
				7AA90CD816F7F50A00BBCC9E /* jcapimin.c in Sources */,
				7AA90CD916F7F50A00BBCC9E /* jcapistd.c in Sources */,
				7AA90CDA16F7F50A00BBCC9E /* jccoefct.c in Sources */,
				7AA90CDB16F7F50A00BBCC9E /* jccolor.c in Sources */,
				7AA90CDC16F7F50A00BBCC9E /* jcdctmgr.c in Sources */,
				7AA90CDD16F7F50A00BBCC9E /* jchuff.c in Sources */,
				7AA90CDE16F7F50A00BBCC9E /* jcinit.c in Sources */,
				7AA90CDF16F7F50A00BBCC9E /* jcmainct.c in Sources */,
				7AA90CE016F7F50A00BBCC9E /* jcmarker.c in Sources */,
				7AA90CE116F7F50A00BBCC9E /* jcmaster.c in Sources */,
				7AA90CE216F7F50A00BBCC9E /* jcomapi.c in Sources */,
				7AA90CE316F7F50A00BBCC9E /* jcparam.c in Sources */,
				7AA90CE416F7F50A00BBCC9E /* jcphuff.c in Sources */,
				7AA90CE516F7F50A00BBCC9E /* jcprepct.c in Sources */,
				7AA90CE616F7F50A00BBCC9E /* jcsample.c in Sources */,
				7AA90CE716F7F50A00BBCC9E /* jctrans.c in Sources */,
				7AA90CE816F7F50A00BBCC9E /* jdapimin.c in Sources */,
				7AA90CE916F7F50A00BBCC9E /* jdapistd.c in Sources */,
				7AA90CEA16F7F50A00BBCC9E /* jdatadst.c in Sources */,
				7AA90CEB16F7F50A00BBCC9E /* jdatasrc.c in Sources */,
				7AA90CEC16F7F50A00BBCC9E /* jdcoefct.c in Sources */,
				7AA90CED16F7F50A00BBCC9E /* jdcolor.c in Sources */,
				7AA90CEE16F7F50A00BBCC9E /* jddctmgr.c in Sources */,
				7AA90CEF16F7F50A00BBCC9E /* jdhuff.c in Sources */,
				7AA90CF016F7F50A00BBCC9E /* jdinput.c in Sources */,
				7AA90CF116F7F50A00BBCC9E /* jdmainct.c in Sources */,
				7AA90CF216F7F50A00BBCC9E /* jdmarker.c in Sources */,
				7AA90CF316F7F50A00BBCC9E /* jdmaster.c in Sources */,
				7AA90CF416F7F50A00BBCC9E /* jdmerge.c in Sources */,
				7AA90CF516F7F50A00BBCC9E /* jdphuff.c in Sources */,
				7AA90CF616F7F50A00BBCC9E /* jdpostct.c in Sources */,
				7AA90CF716F7F50A00BBCC9E /* jdsample.c in Sources */,
				7AA90CF816F7F50A00BBCC9E /* jdtrans.c in Sources */,
				7AA90CF916F7F50A00BBCC9E /* jerror.c in Sources */,
				7AA90CFA16F7F50A00BBCC9E /* jfdctflt.c in Sources */,
				7AA90CFB16F7F50A00BBCC9E /* jfdctfst.c in Sources */,
				7AA90CFC16F7F50A00BBCC9E /* jfdctint.c in Sources */,
				7AA90CFD16F7F50A00BBCC9E /* jidctflt.c in Sources */,
				7AA90CFE16F7F50A00BBCC9E /* jidctfst.c in Sources */,
				7AA90CFF16F7F50A00BBCC9E /* jidctint.c in Sources */,
				7AA90D0016F7F50A00BBCC9E /* jidctred.c in Sources */,
				7AA90D0116F7F50A00BBCC9E /* jmemansi.c in Sources */,
				7AA90D0216F7F50A00BBCC9E /* jmemmgr.c in Sources */,
				7AA90D0316F7F50A00BBCC9E /* jquant1.c in Sources */,
				7AA90D0416F7F50A00BBCC9E /* jquant2.c in Sources */,
				7AA90D0516F7F50A00BBCC9E /* jutils.c in Sources */,
				7AA90D0716F7F50A00BBCC9E /* transupp.c in Sources */,
				7A0408D716FB572E0083F041 /* CVImageViewController.m in Sources */,
				7AFDC7FE17072497006F2CEF /* ENAFURLConnectionOperation.m in Sources */,
				7AFDC7FF17072497006F2CEF /* ENGCOAuth.m in Sources */,
				7AFDC80117072497006F2CEF /* NSData+ENBase64.m in Sources */,
				7AFDC80217072497006F2CEF /* KSForwardingWriter.m in Sources */,
				7AFDC80317072497006F2CEF /* KSHTMLWriter.m in Sources */,
				7AFDC80417072497006F2CEF /* KSWriter.m in Sources */,
				7AFDC80517072497006F2CEF /* KSXMLAttributes.m in Sources */,
				7AFDC80617072497006F2CEF /* KSXMLWriter.m in Sources */,
				7AFDC80817072497006F2CEF /* NSString+XMLAdditions.m in Sources */,
				7AFDC80A17072497006F2CEF /* NSString+URLEncoding.m in Sources */,
				7AFDC80C17072497006F2CEF /* SSKeychain.m in Sources */,
				7AFDC80E17072497006F2CEF /* TBinaryProtocol.m in Sources */,
				7AFDC80F17072497006F2CEF /* TProtocolException.m in Sources */,
				7AFDC81017072497006F2CEF /* TProtocolUtil.m in Sources */,
				7AFDC81117072497006F2CEF /* TApplicationException.m in Sources */,
				7AFDC81217072497006F2CEF /* TException.m in Sources */,
				7AFDC81317072497006F2CEF /* THTTPClient.m in Sources */,
				7AFDC81417072497006F2CEF /* TMemoryBuffer.m in Sources */,
				7AFDC81517072497006F2CEF /* TTransportException.m in Sources */,
				7AFDC81617072497006F2CEF /* EDAMErrors.m in Sources */,
				7AFDC81717072497006F2CEF /* EDAMLimits.m in Sources */,
				7AFDC81817072497006F2CEF /* EDAMNoteStore.m in Sources */,
				7AFDC81917072497006F2CEF /* EDAMTypes.m in Sources */,
				7AFDC81A17072497006F2CEF /* EDAMUserStore.m in Sources */,
				7AFDC81B17072497006F2CEF /* EDAMNoteStoreClient+Utilities.m in Sources */,
				7AFDC81C17072497006F2CEF /* ENConstants.m in Sources */,
				7AFDC81D17072497006F2CEF /* EvernoteNoteStore+Extras.m in Sources */,
				7AFDC81E17072497006F2CEF /* EvernoteNoteStore.m in Sources */,
				7AFDC81F17072497006F2CEF /* EvernoteSDK.m in Sources */,
				7AFDC82017072497006F2CEF /* EvernoteSession.m in Sources */,
				7AFDC82117072497006F2CEF /* EvernoteUserStore+Extras.m in Sources */,
				7AFDC82217072497006F2CEF /* EvernoteUserStore.m in Sources */,
				7AFDC82317072497006F2CEF /* ENApplicationBridge.m in Sources */,
				7AFDC82417072497006F2CEF /* ENAuthenticationRequest.m in Sources */,
				7AFDC82517072497006F2CEF /* ENLinkNotebookRequest.m in Sources */,
				7AFDC82617072497006F2CEF /* ENNewNoteRequest.m in Sources */,
				7AFDC82717072497006F2CEF /* ENNoteImportRequest.m in Sources */,
				7AFDC82817072497006F2CEF /* ENNoteViewRequest.m in Sources */,
				7AFDC82917072497006F2CEF /* ENResourceAttachment.m in Sources */,
				7AFDC82A17072497006F2CEF /* ENSearchRequest.m in Sources */,
				7AFDC82B17072497006F2CEF /* ENAPI.m in Sources */,
				7AFDC82C17072497006F2CEF /* ENCredentials.m in Sources */,
				7AFDC82D17072497006F2CEF /* ENCredentialStore.m in Sources */,
				7AFDC82E17072497006F2CEF /* ENOAuthViewController.m in Sources */,
				7AFDC83017072497006F2CEF /* ENMLUtility.m in Sources */,
				7AFDC83117072497006F2CEF /* NSData+EvernoteSDK.m in Sources */,
				7AFDC83217072497006F2CEF /* NSDataBase64Additions.m in Sources */,
				7AFDC83317072497006F2CEF /* NSDate+EDAMAdditions.m in Sources */,
			);
			runOnlyForDeploymentPostprocessing = 0;
		};
		7AF0EC7216E238E10081085E /* Sources */ = {
			isa = PBXSourcesBuildPhase;
			buildActionMask = 2147483647;
			files = (
				7AF0EC8616E238E10081085E /* OpenCVAppTests.m in Sources */,
			);
			runOnlyForDeploymentPostprocessing = 0;
		};
/* End PBXSourcesBuildPhase section */

/* Begin PBXTargetDependency section */
		7AF0EC7D16E238E10081085E /* PBXTargetDependency */ = {
			isa = PBXTargetDependency;
			target = 7AF0EC5016E238E10081085E /* OpenCVApp */;
			targetProxy = 7AF0EC7C16E238E10081085E /* PBXContainerItemProxy */;
		};
/* End PBXTargetDependency section */

/* Begin PBXVariantGroup section */
		7AF0EC5D16E238E10081085E /* InfoPlist.strings */ = {
			isa = PBXVariantGroup;
			children = (
				7AF0EC5E16E238E10081085E /* en */,
			);
			name = InfoPlist.strings;
			sourceTree = "<group>";
		};
		7AF0EC6C16E238E10081085E /* MainStoryboard.storyboard */ = {
			isa = PBXVariantGroup;
			children = (
				7AF0EC6D16E238E10081085E /* en */,
			);
			name = MainStoryboard.storyboard;
			sourceTree = "<group>";
		};
		7AF0EC8116E238E10081085E /* InfoPlist.strings */ = {
			isa = PBXVariantGroup;
			children = (
				7AF0EC8216E238E10081085E /* en */,
			);
			name = InfoPlist.strings;
			sourceTree = "<group>";
		};
/* End PBXVariantGroup section */

/* Begin XCBuildConfiguration section */
		7AF0EC8716E238E10081085E /* Debug */ = {
			isa = XCBuildConfiguration;
			buildSettings = {
				ALWAYS_SEARCH_USER_PATHS = NO;
				CLANG_CXX_LANGUAGE_STANDARD = "gnu++0x";
				CLANG_CXX_LIBRARY = "libc++";
				CLANG_ENABLE_OBJC_ARC = YES;
				CLANG_WARN_CONSTANT_CONVERSION = YES;
				CLANG_WARN_EMPTY_BODY = YES;
				CLANG_WARN_ENUM_CONVERSION = YES;
				CLANG_WARN_INT_CONVERSION = YES;
				CLANG_WARN__DUPLICATE_METHOD_MATCH = YES;
				"CODE_SIGN_IDENTITY[sdk=iphoneos*]" = "iPhone Developer";
				COPY_PHASE_STRIP = NO;
				GCC_C_LANGUAGE_STANDARD = gnu99;
				GCC_DYNAMIC_NO_PIC = NO;
				GCC_OPTIMIZATION_LEVEL = 0;
				GCC_PREPROCESSOR_DEFINITIONS = (
					"DEBUG=1",
					"$(inherited)",
				);
				GCC_SYMBOLS_PRIVATE_EXTERN = NO;
				GCC_WARN_ABOUT_RETURN_TYPE = YES;
				GCC_WARN_UNINITIALIZED_AUTOS = YES;
				GCC_WARN_UNUSED_VARIABLE = YES;
				IPHONEOS_DEPLOYMENT_TARGET = 6.1;
				ONLY_ACTIVE_ARCH = YES;
				SDKROOT = iphoneos;
			};
			name = Debug;
		};
		7AF0EC8816E238E10081085E /* Release */ = {
			isa = XCBuildConfiguration;
			buildSettings = {
				ALWAYS_SEARCH_USER_PATHS = NO;
				CLANG_CXX_LANGUAGE_STANDARD = "gnu++0x";
				CLANG_CXX_LIBRARY = "libc++";
				CLANG_ENABLE_OBJC_ARC = YES;
				CLANG_WARN_CONSTANT_CONVERSION = YES;
				CLANG_WARN_EMPTY_BODY = YES;
				CLANG_WARN_ENUM_CONVERSION = YES;
				CLANG_WARN_INT_CONVERSION = YES;
				CLANG_WARN__DUPLICATE_METHOD_MATCH = YES;
				"CODE_SIGN_IDENTITY[sdk=iphoneos*]" = "iPhone Developer";
				COPY_PHASE_STRIP = YES;
				GCC_C_LANGUAGE_STANDARD = gnu99;
				GCC_WARN_ABOUT_RETURN_TYPE = YES;
				GCC_WARN_UNINITIALIZED_AUTOS = YES;
				GCC_WARN_UNUSED_VARIABLE = YES;
				IPHONEOS_DEPLOYMENT_TARGET = 6.1;
				OTHER_CFLAGS = "-DNS_BLOCK_ASSERTIONS=1";
				SDKROOT = iphoneos;
				VALIDATE_PRODUCT = YES;
			};
			name = Release;
		};
		7AF0EC8A16E238E10081085E /* Debug */ = {
			isa = XCBuildConfiguration;
			buildSettings = {
				FRAMEWORK_SEARCH_PATHS = (
					"$(inherited)",
					"\"$(SRCROOT)/../../src/opencv_ios\"",
				);
				GCC_PRECOMPILE_PREFIX_HEADER = YES;
				GCC_PREFIX_HEADER = "OpenCVApp/OpenCVApp-Prefix.pch";
				INFOPLIST_FILE = "OpenCVApp/OpenCVApp-Info.plist";
				PRODUCT_NAME = "$(TARGET_NAME)";
				WRAPPER_EXTENSION = app;
			};
			name = Debug;
		};
		7AF0EC8B16E238E10081085E /* Release */ = {
			isa = XCBuildConfiguration;
			buildSettings = {
				FRAMEWORK_SEARCH_PATHS = (
					"$(inherited)",
					"\"$(SRCROOT)/../../src/opencv_ios\"",
				);
				GCC_PRECOMPILE_PREFIX_HEADER = YES;
				GCC_PREFIX_HEADER = "OpenCVApp/OpenCVApp-Prefix.pch";
				INFOPLIST_FILE = "OpenCVApp/OpenCVApp-Info.plist";
				PRODUCT_NAME = "$(TARGET_NAME)";
				WRAPPER_EXTENSION = app;
			};
			name = Release;
		};
		7AF0EC8D16E238E10081085E /* Debug */ = {
			isa = XCBuildConfiguration;
			buildSettings = {
				BUNDLE_LOADER = "$(BUILT_PRODUCTS_DIR)/OpenCVApp.app/OpenCVApp";
				FRAMEWORK_SEARCH_PATHS = (
					"\"$(SDKROOT)/Developer/Library/Frameworks\"",
					"\"$(DEVELOPER_LIBRARY_DIR)/Frameworks\"",
				);
				GCC_PRECOMPILE_PREFIX_HEADER = YES;
				GCC_PREFIX_HEADER = "OpenCVApp/OpenCVApp-Prefix.pch";
				INFOPLIST_FILE = "OpenCVAppTests/OpenCVAppTests-Info.plist";
				PRODUCT_NAME = "$(TARGET_NAME)";
				TEST_HOST = "$(BUNDLE_LOADER)";
				WRAPPER_EXTENSION = octest;
			};
			name = Debug;
		};
		7AF0EC8E16E238E10081085E /* Release */ = {
			isa = XCBuildConfiguration;
			buildSettings = {
				BUNDLE_LOADER = "$(BUILT_PRODUCTS_DIR)/OpenCVApp.app/OpenCVApp";
				FRAMEWORK_SEARCH_PATHS = (
					"\"$(SDKROOT)/Developer/Library/Frameworks\"",
					"\"$(DEVELOPER_LIBRARY_DIR)/Frameworks\"",
				);
				GCC_PRECOMPILE_PREFIX_HEADER = YES;
				GCC_PREFIX_HEADER = "OpenCVApp/OpenCVApp-Prefix.pch";
				INFOPLIST_FILE = "OpenCVAppTests/OpenCVAppTests-Info.plist";
				PRODUCT_NAME = "$(TARGET_NAME)";
				TEST_HOST = "$(BUNDLE_LOADER)";
				WRAPPER_EXTENSION = octest;
			};
			name = Release;
		};
/* End XCBuildConfiguration section */

/* Begin XCConfigurationList section */
		7AF0EC4C16E238E10081085E /* Build configuration list for PBXProject "OpenCVApp" */ = {
			isa = XCConfigurationList;
			buildConfigurations = (
				7AF0EC8716E238E10081085E /* Debug */,
				7AF0EC8816E238E10081085E /* Release */,
			);
			defaultConfigurationIsVisible = 0;
			defaultConfigurationName = Release;
		};
		7AF0EC8916E238E10081085E /* Build configuration list for PBXNativeTarget "OpenCVApp" */ = {
			isa = XCConfigurationList;
			buildConfigurations = (
				7AF0EC8A16E238E10081085E /* Debug */,
				7AF0EC8B16E238E10081085E /* Release */,
			);
			defaultConfigurationIsVisible = 0;
			defaultConfigurationName = Release;
		};
		7AF0EC8C16E238E10081085E /* Build configuration list for PBXNativeTarget "OpenCVAppTests" */ = {
			isa = XCConfigurationList;
			buildConfigurations = (
				7AF0EC8D16E238E10081085E /* Debug */,
				7AF0EC8E16E238E10081085E /* Release */,
			);
			defaultConfigurationIsVisible = 0;
			defaultConfigurationName = Release;
		};
/* End XCConfigurationList section */
	};
	rootObject = 7AF0EC4916E238E10081085E /* Project object */;
}
