// !$*UTF8*$!
{
	archiveVersion = 1;
	classes = {
	};
	objectVersion = 46;
	objects = {

/* Begin PBXBuildFile section */
		7A04081916F6CE7B0083F041 /* CVViewController.mm in Sources */ = {isa = PBXBuildFile; fileRef = 7AF0EC7016E238E10081085E /* CVViewController.mm */; };
		7A04081C16F6DD5C0083F041 /* CVImageTableViewController.m in Sources */ = {isa = PBXBuildFile; fileRef = 7A04081B16F6DD5C0083F041 /* CVImageTableViewController.m */; };
		7A0408D716FB572E0083F041 /* CVImageViewController.m in Sources */ = {isa = PBXBuildFile; fileRef = 7A0408D616FB572E0083F041 /* CVImageViewController.m */; };
		7AA90CD716F7F50A00BBCC9E /* CMakeLists.txt in Resources */ = {isa = PBXBuildFile; fileRef = 7AA90C9A16F7F50A00BBCC9E /* CMakeLists.txt */; };
		7AA90CD816F7F50A00BBCC9E /* jcapimin.c in Sources */ = {isa = PBXBuildFile; fileRef = 7AA90C9B16F7F50A00BBCC9E /* jcapimin.c */; };
		7AA90CD916F7F50A00BBCC9E /* jcapistd.c in Sources */ = {isa = PBXBuildFile; fileRef = 7AA90C9C16F7F50A00BBCC9E /* jcapistd.c */; };
		7AA90CDA16F7F50A00BBCC9E /* jccoefct.c in Sources */ = {isa = PBXBuildFile; fileRef = 7AA90C9D16F7F50A00BBCC9E /* jccoefct.c */; };
		7AA90CDB16F7F50A00BBCC9E /* jccolor.c in Sources */ = {isa = PBXBuildFile; fileRef = 7AA90C9E16F7F50A00BBCC9E /* jccolor.c */; };
		7AA90CDC16F7F50A00BBCC9E /* jcdctmgr.c in Sources */ = {isa = PBXBuildFile; fileRef = 7AA90C9F16F7F50A00BBCC9E /* jcdctmgr.c */; };
		7AA90CDD16F7F50A00BBCC9E /* jchuff.c in Sources */ = {isa = PBXBuildFile; fileRef = 7AA90CA016F7F50A00BBCC9E /* jchuff.c */; };
		7AA90CDE16F7F50A00BBCC9E /* jcinit.c in Sources */ = {isa = PBXBuildFile; fileRef = 7AA90CA216F7F50A00BBCC9E /* jcinit.c */; };
		7AA90CDF16F7F50A00BBCC9E /* jcmainct.c in Sources */ = {isa = PBXBuildFile; fileRef = 7AA90CA316F7F50A00BBCC9E /* jcmainct.c */; };
		7AA90CE016F7F50A00BBCC9E /* jcmarker.c in Sources */ = {isa = PBXBuildFile; fileRef = 7AA90CA416F7F50A00BBCC9E /* jcmarker.c */; };
		7AA90CE116F7F50A00BBCC9E /* jcmaster.c in Sources */ = {isa = PBXBuildFile; fileRef = 7AA90CA516F7F50A00BBCC9E /* jcmaster.c */; };
		7AA90CE216F7F50A00BBCC9E /* jcomapi.c in Sources */ = {isa = PBXBuildFile; fileRef = 7AA90CA616F7F50A00BBCC9E /* jcomapi.c */; };
		7AA90CE316F7F50A00BBCC9E /* jcparam.c in Sources */ = {isa = PBXBuildFile; fileRef = 7AA90CA816F7F50A00BBCC9E /* jcparam.c */; };
		7AA90CE416F7F50A00BBCC9E /* jcphuff.c in Sources */ = {isa = PBXBuildFile; fileRef = 7AA90CA916F7F50A00BBCC9E /* jcphuff.c */; };
		7AA90CE516F7F50A00BBCC9E /* jcprepct.c in Sources */ = {isa = PBXBuildFile; fileRef = 7AA90CAA16F7F50A00BBCC9E /* jcprepct.c */; };
		7AA90CE616F7F50A00BBCC9E /* jcsample.c in Sources */ = {isa = PBXBuildFile; fileRef = 7AA90CAB16F7F50A00BBCC9E /* jcsample.c */; };
		7AA90CE716F7F50A00BBCC9E /* jctrans.c in Sources */ = {isa = PBXBuildFile; fileRef = 7AA90CAC16F7F50A00BBCC9E /* jctrans.c */; };
		7AA90CE816F7F50A00BBCC9E /* jdapimin.c in Sources */ = {isa = PBXBuildFile; fileRef = 7AA90CAD16F7F50A00BBCC9E /* jdapimin.c */; };
		7AA90CE916F7F50A00BBCC9E /* jdapistd.c in Sources */ = {isa = PBXBuildFile; fileRef = 7AA90CAE16F7F50A00BBCC9E /* jdapistd.c */; };
		7AA90CEA16F7F50A00BBCC9E /* jdatadst.c in Sources */ = {isa = PBXBuildFile; fileRef = 7AA90CAF16F7F50A00BBCC9E /* jdatadst.c */; };
		7AA90CEB16F7F50A00BBCC9E /* jdatasrc.c in Sources */ = {isa = PBXBuildFile; fileRef = 7AA90CB016F7F50A00BBCC9E /* jdatasrc.c */; };
		7AA90CEC16F7F50A00BBCC9E /* jdcoefct.c in Sources */ = {isa = PBXBuildFile; fileRef = 7AA90CB116F7F50A00BBCC9E /* jdcoefct.c */; };
		7AA90CED16F7F50A00BBCC9E /* jdcolor.c in Sources */ = {isa = PBXBuildFile; fileRef = 7AA90CB216F7F50A00BBCC9E /* jdcolor.c */; };
		7AA90CEE16F7F50A00BBCC9E /* jddctmgr.c in Sources */ = {isa = PBXBuildFile; fileRef = 7AA90CB416F7F50A00BBCC9E /* jddctmgr.c */; };
		7AA90CEF16F7F50A00BBCC9E /* jdhuff.c in Sources */ = {isa = PBXBuildFile; fileRef = 7AA90CB516F7F50A00BBCC9E /* jdhuff.c */; };
		7AA90CF016F7F50A00BBCC9E /* jdinput.c in Sources */ = {isa = PBXBuildFile; fileRef = 7AA90CB716F7F50A00BBCC9E /* jdinput.c */; };
		7AA90CF116F7F50A00BBCC9E /* jdmainct.c in Sources */ = {isa = PBXBuildFile; fileRef = 7AA90CB816F7F50A00BBCC9E /* jdmainct.c */; };
		7AA90CF216F7F50A00BBCC9E /* jdmarker.c in Sources */ = {isa = PBXBuildFile; fileRef = 7AA90CB916F7F50A00BBCC9E /* jdmarker.c */; };
		7AA90CF316F7F50A00BBCC9E /* jdmaster.c in Sources */ = {isa = PBXBuildFile; fileRef = 7AA90CBA16F7F50A00BBCC9E /* jdmaster.c */; };
		7AA90CF416F7F50A00BBCC9E /* jdmerge.c in Sources */ = {isa = PBXBuildFile; fileRef = 7AA90CBB16F7F50A00BBCC9E /* jdmerge.c */; };
		7AA90CF516F7F50A00BBCC9E /* jdphuff.c in Sources */ = {isa = PBXBuildFile; fileRef = 7AA90CBC16F7F50A00BBCC9E /* jdphuff.c */; };
		7AA90CF616F7F50A00BBCC9E /* jdpostct.c in Sources */ = {isa = PBXBuildFile; fileRef = 7AA90CBD16F7F50A00BBCC9E /* jdpostct.c */; };
		7AA90CF716F7F50A00BBCC9E /* jdsample.c in Sources */ = {isa = PBXBuildFile; fileRef = 7AA90CBE16F7F50A00BBCC9E /* jdsample.c */; };
		7AA90CF816F7F50A00BBCC9E /* jdtrans.c in Sources */ = {isa = PBXBuildFile; fileRef = 7AA90CBF16F7F50A00BBCC9E /* jdtrans.c */; };
		7AA90CF916F7F50A00BBCC9E /* jerror.c in Sources */ = {isa = PBXBuildFile; fileRef = 7AA90CC016F7F50A00BBCC9E /* jerror.c */; };
		7AA90CFA16F7F50A00BBCC9E /* jfdctflt.c in Sources */ = {isa = PBXBuildFile; fileRef = 7AA90CC216F7F50A00BBCC9E /* jfdctflt.c */; };
		7AA90CFB16F7F50A00BBCC9E /* jfdctfst.c in Sources */ = {isa = PBXBuildFile; fileRef = 7AA90CC316F7F50A00BBCC9E /* jfdctfst.c */; };
		7AA90CFC16F7F50A00BBCC9E /* jfdctint.c in Sources */ = {isa = PBXBuildFile; fileRef = 7AA90CC416F7F50A00BBCC9E /* jfdctint.c */; };
		7AA90CFD16F7F50A00BBCC9E /* jidctflt.c in Sources */ = {isa = PBXBuildFile; fileRef = 7AA90CC516F7F50A00BBCC9E /* jidctflt.c */; };
		7AA90CFE16F7F50A00BBCC9E /* jidctfst.c in Sources */ = {isa = PBXBuildFile; fileRef = 7AA90CC616F7F50A00BBCC9E /* jidctfst.c */; };
		7AA90CFF16F7F50A00BBCC9E /* jidctint.c in Sources */ = {isa = PBXBuildFile; fileRef = 7AA90CC716F7F50A00BBCC9E /* jidctint.c */; };
		7AA90D0016F7F50A00BBCC9E /* jidctred.c in Sources */ = {isa = PBXBuildFile; fileRef = 7AA90CC816F7F50A00BBCC9E /* jidctred.c */; };
		7AA90D0116F7F50A00BBCC9E /* jmemansi.c in Sources */ = {isa = PBXBuildFile; fileRef = 7AA90CCA16F7F50A00BBCC9E /* jmemansi.c */; };
		7AA90D0216F7F50A00BBCC9E /* jmemmgr.c in Sources */ = {isa = PBXBuildFile; fileRef = 7AA90CCB16F7F50A00BBCC9E /* jmemmgr.c */; };
		7AA90D0316F7F50A00BBCC9E /* jquant1.c in Sources */ = {isa = PBXBuildFile; fileRef = 7AA90CD016F7F50A00BBCC9E /* jquant1.c */; };
		7AA90D0416F7F50A00BBCC9E /* jquant2.c in Sources */ = {isa = PBXBuildFile; fileRef = 7AA90CD116F7F50A00BBCC9E /* jquant2.c */; };
		7AA90D0516F7F50A00BBCC9E /* jutils.c in Sources */ = {isa = PBXBuildFile; fileRef = 7AA90CD216F7F50A00BBCC9E /* jutils.c */; };
		7AA90D0616F7F50A00BBCC9E /* README in Resources */ = {isa = PBXBuildFile; fileRef = 7AA90CD416F7F50A00BBCC9E /* README */; };
		7AA90D0716F7F50A00BBCC9E /* transupp.c in Sources */ = {isa = PBXBuildFile; fileRef = 7AA90CD516F7F50A00BBCC9E /* transupp.c */; };
		7AF0EC5516E238E10081085E /* UIKit.framework in Frameworks */ = {isa = PBXBuildFile; fileRef = 7AF0EC5416E238E10081085E /* UIKit.framework */; };
		7AF0EC5716E238E10081085E /* Foundation.framework in Frameworks */ = {isa = PBXBuildFile; fileRef = 7AF0EC5616E238E10081085E /* Foundation.framework */; };
		7AF0EC5916E238E10081085E /* CoreGraphics.framework in Frameworks */ = {isa = PBXBuildFile; fileRef = 7AF0EC5816E238E10081085E /* CoreGraphics.framework */; };
		7AF0EC5F16E238E10081085E /* InfoPlist.strings in Resources */ = {isa = PBXBuildFile; fileRef = 7AF0EC5D16E238E10081085E /* InfoPlist.strings */; };
		7AF0EC6116E238E10081085E /* main.m in Sources */ = {isa = PBXBuildFile; fileRef = 7AF0EC6016E238E10081085E /* main.m */; };
		7AF0EC6516E238E10081085E /* CVAppDelegate.m in Sources */ = {isa = PBXBuildFile; fileRef = 7AF0EC6416E238E10081085E /* CVAppDelegate.m */; };
		7AF0EC6716E238E10081085E /* Default.png in Resources */ = {isa = PBXBuildFile; fileRef = 7AF0EC6616E238E10081085E /* Default.png */; };
		7AF0EC6916E238E10081085E /* Default@2x.png in Resources */ = {isa = PBXBuildFile; fileRef = 7AF0EC6816E238E10081085E /* Default@2x.png */; };
		7AF0EC6B16E238E10081085E /* Default-568h@2x.png in Resources */ = {isa = PBXBuildFile; fileRef = 7AF0EC6A16E238E10081085E /* Default-568h@2x.png */; };
		7AF0EC6E16E238E10081085E /* MainStoryboard.storyboard in Resources */ = {isa = PBXBuildFile; fileRef = 7AF0EC6C16E238E10081085E /* MainStoryboard.storyboard */; };
		7AF0EC7916E238E10081085E /* SenTestingKit.framework in Frameworks */ = {isa = PBXBuildFile; fileRef = 7AF0EC7816E238E10081085E /* SenTestingKit.framework */; };
		7AF0EC7A16E238E10081085E /* UIKit.framework in Frameworks */ = {isa = PBXBuildFile; fileRef = 7AF0EC5416E238E10081085E /* UIKit.framework */; };
		7AF0EC7B16E238E10081085E /* Foundation.framework in Frameworks */ = {isa = PBXBuildFile; fileRef = 7AF0EC5616E238E10081085E /* Foundation.framework */; };
		7AF0EC8316E238E10081085E /* InfoPlist.strings in Resources */ = {isa = PBXBuildFile; fileRef = 7AF0EC8116E238E10081085E /* InfoPlist.strings */; };
		7AF0EC8616E238E10081085E /* OpenCVAppTests.m in Sources */ = {isa = PBXBuildFile; fileRef = 7AF0EC8516E238E10081085E /* OpenCVAppTests.m */; };
		7AF0EC9216E23DAE0081085E /* opencv2.framework in Frameworks */ = {isa = PBXBuildFile; fileRef = 7AF0EC9116E23DAE0081085E /* opencv2.framework */; };
		7AF0EC9416E240B70081085E /* neko_tsubaki_blue_car.jpg in Resources */ = {isa = PBXBuildFile; fileRef = 7AF0EC9316E240B70081085E /* neko_tsubaki_blue_car.jpg */; };
/* End PBXBuildFile section */

/* Begin PBXContainerItemProxy section */
		7AF0EC7C16E238E10081085E /* PBXContainerItemProxy */ = {
			isa = PBXContainerItemProxy;
			containerPortal = 7AF0EC4916E238E10081085E /* Project object */;
			proxyType = 1;
			remoteGlobalIDString = 7AF0EC5016E238E10081085E;
			remoteInfo = OpenCVApp;
		};
/* End PBXContainerItemProxy section */

/* Begin PBXFileReference section */
		7A04081A16F6DD5C0083F041 /* CVImageTableViewController.h */ = {isa = PBXFileReference; fileEncoding = 4; lastKnownFileType = sourcecode.c.h; path = CVImageTableViewController.h; sourceTree = "<group>"; };
		7A04081B16F6DD5C0083F041 /* CVImageTableViewController.m */ = {isa = PBXFileReference; fileEncoding = 4; lastKnownFileType = sourcecode.c.objc; path = CVImageTableViewController.m; sourceTree = "<group>"; };
		7A0408D516FB572D0083F041 /* CVImageViewController.h */ = {isa = PBXFileReference; fileEncoding = 4; lastKnownFileType = sourcecode.c.h; path = CVImageViewController.h; sourceTree = "<group>"; };
		7A0408D616FB572E0083F041 /* CVImageViewController.m */ = {isa = PBXFileReference; fileEncoding = 4; lastKnownFileType = sourcecode.c.objc; path = CVImageViewController.m; sourceTree = "<group>"; };
		7AA90C9A16F7F50A00BBCC9E /* CMakeLists.txt */ = {isa = PBXFileReference; fileEncoding = 4; lastKnownFileType = text; path = CMakeLists.txt; sourceTree = "<group>"; };
		7AA90C9B16F7F50A00BBCC9E /* jcapimin.c */ = {isa = PBXFileReference; fileEncoding = 4; lastKnownFileType = sourcecode.c.c; path = jcapimin.c; sourceTree = "<group>"; };
		7AA90C9C16F7F50A00BBCC9E /* jcapistd.c */ = {isa = PBXFileReference; fileEncoding = 4; lastKnownFileType = sourcecode.c.c; path = jcapistd.c; sourceTree = "<group>"; };
		7AA90C9D16F7F50A00BBCC9E /* jccoefct.c */ = {isa = PBXFileReference; fileEncoding = 4; lastKnownFileType = sourcecode.c.c; path = jccoefct.c; sourceTree = "<group>"; };
		7AA90C9E16F7F50A00BBCC9E /* jccolor.c */ = {isa = PBXFileReference; fileEncoding = 4; lastKnownFileType = sourcecode.c.c; path = jccolor.c; sourceTree = "<group>"; };
		7AA90C9F16F7F50A00BBCC9E /* jcdctmgr.c */ = {isa = PBXFileReference; fileEncoding = 4; lastKnownFileType = sourcecode.c.c; path = jcdctmgr.c; sourceTree = "<group>"; };
		7AA90CA016F7F50A00BBCC9E /* jchuff.c */ = {isa = PBXFileReference; fileEncoding = 4; lastKnownFileType = sourcecode.c.c; path = jchuff.c; sourceTree = "<group>"; };
		7AA90CA116F7F50A00BBCC9E /* jchuff.h */ = {isa = PBXFileReference; fileEncoding = 4; lastKnownFileType = sourcecode.c.h; path = jchuff.h; sourceTree = "<group>"; };
		7AA90CA216F7F50A00BBCC9E /* jcinit.c */ = {isa = PBXFileReference; fileEncoding = 4; lastKnownFileType = sourcecode.c.c; path = jcinit.c; sourceTree = "<group>"; };
		7AA90CA316F7F50A00BBCC9E /* jcmainct.c */ = {isa = PBXFileReference; fileEncoding = 4; lastKnownFileType = sourcecode.c.c; path = jcmainct.c; sourceTree = "<group>"; };
		7AA90CA416F7F50A00BBCC9E /* jcmarker.c */ = {isa = PBXFileReference; fileEncoding = 4; lastKnownFileType = sourcecode.c.c; path = jcmarker.c; sourceTree = "<group>"; };
		7AA90CA516F7F50A00BBCC9E /* jcmaster.c */ = {isa = PBXFileReference; fileEncoding = 4; lastKnownFileType = sourcecode.c.c; path = jcmaster.c; sourceTree = "<group>"; };
		7AA90CA616F7F50A00BBCC9E /* jcomapi.c */ = {isa = PBXFileReference; fileEncoding = 4; lastKnownFileType = sourcecode.c.c; path = jcomapi.c; sourceTree = "<group>"; };
		7AA90CA716F7F50A00BBCC9E /* jconfig.h */ = {isa = PBXFileReference; fileEncoding = 4; lastKnownFileType = sourcecode.c.h; path = jconfig.h; sourceTree = "<group>"; };
		7AA90CA816F7F50A00BBCC9E /* jcparam.c */ = {isa = PBXFileReference; fileEncoding = 4; lastKnownFileType = sourcecode.c.c; path = jcparam.c; sourceTree = "<group>"; };
		7AA90CA916F7F50A00BBCC9E /* jcphuff.c */ = {isa = PBXFileReference; fileEncoding = 4; lastKnownFileType = sourcecode.c.c; path = jcphuff.c; sourceTree = "<group>"; };
		7AA90CAA16F7F50A00BBCC9E /* jcprepct.c */ = {isa = PBXFileReference; fileEncoding = 4; lastKnownFileType = sourcecode.c.c; path = jcprepct.c; sourceTree = "<group>"; };
		7AA90CAB16F7F50A00BBCC9E /* jcsample.c */ = {isa = PBXFileReference; fileEncoding = 4; lastKnownFileType = sourcecode.c.c; path = jcsample.c; sourceTree = "<group>"; };
		7AA90CAC16F7F50A00BBCC9E /* jctrans.c */ = {isa = PBXFileReference; fileEncoding = 4; lastKnownFileType = sourcecode.c.c; path = jctrans.c; sourceTree = "<group>"; };
		7AA90CAD16F7F50A00BBCC9E /* jdapimin.c */ = {isa = PBXFileReference; fileEncoding = 4; lastKnownFileType = sourcecode.c.c; path = jdapimin.c; sourceTree = "<group>"; };
		7AA90CAE16F7F50A00BBCC9E /* jdapistd.c */ = {isa = PBXFileReference; fileEncoding = 4; lastKnownFileType = sourcecode.c.c; path = jdapistd.c; sourceTree = "<group>"; };
		7AA90CAF16F7F50A00BBCC9E /* jdatadst.c */ = {isa = PBXFileReference; fileEncoding = 4; lastKnownFileType = sourcecode.c.c; path = jdatadst.c; sourceTree = "<group>"; };
		7AA90CB016F7F50A00BBCC9E /* jdatasrc.c */ = {isa = PBXFileReference; fileEncoding = 4; lastKnownFileType = sourcecode.c.c; path = jdatasrc.c; sourceTree = "<group>"; };
		7AA90CB116F7F50A00BBCC9E /* jdcoefct.c */ = {isa = PBXFileReference; fileEncoding = 4; lastKnownFileType = sourcecode.c.c; path = jdcoefct.c; sourceTree = "<group>"; };
		7AA90CB216F7F50A00BBCC9E /* jdcolor.c */ = {isa = PBXFileReference; fileEncoding = 4; lastKnownFileType = sourcecode.c.c; path = jdcolor.c; sourceTree = "<group>"; };
		7AA90CB316F7F50A00BBCC9E /* jdct.h */ = {isa = PBXFileReference; fileEncoding = 4; lastKnownFileType = sourcecode.c.h; path = jdct.h; sourceTree = "<group>"; };
		7AA90CB416F7F50A00BBCC9E /* jddctmgr.c */ = {isa = PBXFileReference; fileEncoding = 4; lastKnownFileType = sourcecode.c.c; path = jddctmgr.c; sourceTree = "<group>"; };
		7AA90CB516F7F50A00BBCC9E /* jdhuff.c */ = {isa = PBXFileReference; fileEncoding = 4; lastKnownFileType = sourcecode.c.c; path = jdhuff.c; sourceTree = "<group>"; };
		7AA90CB616F7F50A00BBCC9E /* jdhuff.h */ = {isa = PBXFileReference; fileEncoding = 4; lastKnownFileType = sourcecode.c.h; path = jdhuff.h; sourceTree = "<group>"; };
		7AA90CB716F7F50A00BBCC9E /* jdinput.c */ = {isa = PBXFileReference; fileEncoding = 4; lastKnownFileType = sourcecode.c.c; path = jdinput.c; sourceTree = "<group>"; };
		7AA90CB816F7F50A00BBCC9E /* jdmainct.c */ = {isa = PBXFileReference; fileEncoding = 4; lastKnownFileType = sourcecode.c.c; path = jdmainct.c; sourceTree = "<group>"; };
		7AA90CB916F7F50A00BBCC9E /* jdmarker.c */ = {isa = PBXFileReference; fileEncoding = 4; lastKnownFileType = sourcecode.c.c; path = jdmarker.c; sourceTree = "<group>"; };
		7AA90CBA16F7F50A00BBCC9E /* jdmaster.c */ = {isa = PBXFileReference; fileEncoding = 4; lastKnownFileType = sourcecode.c.c; path = jdmaster.c; sourceTree = "<group>"; };
		7AA90CBB16F7F50A00BBCC9E /* jdmerge.c */ = {isa = PBXFileReference; fileEncoding = 4; lastKnownFileType = sourcecode.c.c; path = jdmerge.c; sourceTree = "<group>"; };
		7AA90CBC16F7F50A00BBCC9E /* jdphuff.c */ = {isa = PBXFileReference; fileEncoding = 4; lastKnownFileType = sourcecode.c.c; path = jdphuff.c; sourceTree = "<group>"; };
		7AA90CBD16F7F50A00BBCC9E /* jdpostct.c */ = {isa = PBXFileReference; fileEncoding = 4; lastKnownFileType = sourcecode.c.c; path = jdpostct.c; sourceTree = "<group>"; };
		7AA90CBE16F7F50A00BBCC9E /* jdsample.c */ = {isa = PBXFileReference; fileEncoding = 4; lastKnownFileType = sourcecode.c.c; path = jdsample.c; sourceTree = "<group>"; };
		7AA90CBF16F7F50A00BBCC9E /* jdtrans.c */ = {isa = PBXFileReference; fileEncoding = 4; lastKnownFileType = sourcecode.c.c; path = jdtrans.c; sourceTree = "<group>"; };
		7AA90CC016F7F50A00BBCC9E /* jerror.c */ = {isa = PBXFileReference; fileEncoding = 4; lastKnownFileType = sourcecode.c.c; path = jerror.c; sourceTree = "<group>"; };
		7AA90CC116F7F50A00BBCC9E /* jerror.h */ = {isa = PBXFileReference; fileEncoding = 4; lastKnownFileType = sourcecode.c.h; path = jerror.h; sourceTree = "<group>"; };
		7AA90CC216F7F50A00BBCC9E /* jfdctflt.c */ = {isa = PBXFileReference; fileEncoding = 4; lastKnownFileType = sourcecode.c.c; path = jfdctflt.c; sourceTree = "<group>"; };
		7AA90CC316F7F50A00BBCC9E /* jfdctfst.c */ = {isa = PBXFileReference; fileEncoding = 4; lastKnownFileType = sourcecode.c.c; path = jfdctfst.c; sourceTree = "<group>"; };
		7AA90CC416F7F50A00BBCC9E /* jfdctint.c */ = {isa = PBXFileReference; fileEncoding = 4; lastKnownFileType = sourcecode.c.c; path = jfdctint.c; sourceTree = "<group>"; };
		7AA90CC516F7F50A00BBCC9E /* jidctflt.c */ = {isa = PBXFileReference; fileEncoding = 4; lastKnownFileType = sourcecode.c.c; path = jidctflt.c; sourceTree = "<group>"; };
		7AA90CC616F7F50A00BBCC9E /* jidctfst.c */ = {isa = PBXFileReference; fileEncoding = 4; lastKnownFileType = sourcecode.c.c; path = jidctfst.c; sourceTree = "<group>"; };
		7AA90CC716F7F50A00BBCC9E /* jidctint.c */ = {isa = PBXFileReference; fileEncoding = 4; lastKnownFileType = sourcecode.c.c; path = jidctint.c; sourceTree = "<group>"; };
		7AA90CC816F7F50A00BBCC9E /* jidctred.c */ = {isa = PBXFileReference; fileEncoding = 4; lastKnownFileType = sourcecode.c.c; path = jidctred.c; sourceTree = "<group>"; };
		7AA90CC916F7F50A00BBCC9E /* jinclude.h */ = {isa = PBXFileReference; fileEncoding = 4; lastKnownFileType = sourcecode.c.h; path = jinclude.h; sourceTree = "<group>"; };
		7AA90CCA16F7F50A00BBCC9E /* jmemansi.c */ = {isa = PBXFileReference; fileEncoding = 4; lastKnownFileType = sourcecode.c.c; path = jmemansi.c; sourceTree = "<group>"; };
		7AA90CCB16F7F50A00BBCC9E /* jmemmgr.c */ = {isa = PBXFileReference; fileEncoding = 4; lastKnownFileType = sourcecode.c.c; path = jmemmgr.c; sourceTree = "<group>"; };
		7AA90CCC16F7F50A00BBCC9E /* jmemsys.h */ = {isa = PBXFileReference; fileEncoding = 4; lastKnownFileType = sourcecode.c.h; path = jmemsys.h; sourceTree = "<group>"; };
		7AA90CCD16F7F50A00BBCC9E /* jmorecfg.h */ = {isa = PBXFileReference; fileEncoding = 4; lastKnownFileType = sourcecode.c.h; path = jmorecfg.h; sourceTree = "<group>"; };
		7AA90CCE16F7F50A00BBCC9E /* jpegint.h */ = {isa = PBXFileReference; fileEncoding = 4; lastKnownFileType = sourcecode.c.h; path = jpegint.h; sourceTree = "<group>"; };
		7AA90CCF16F7F50A00BBCC9E /* jpeglib.h */ = {isa = PBXFileReference; fileEncoding = 4; lastKnownFileType = sourcecode.c.h; path = jpeglib.h; sourceTree = "<group>"; };
		7AA90CD016F7F50A00BBCC9E /* jquant1.c */ = {isa = PBXFileReference; fileEncoding = 4; lastKnownFileType = sourcecode.c.c; path = jquant1.c; sourceTree = "<group>"; };
		7AA90CD116F7F50A00BBCC9E /* jquant2.c */ = {isa = PBXFileReference; fileEncoding = 4; lastKnownFileType = sourcecode.c.c; path = jquant2.c; sourceTree = "<group>"; };
		7AA90CD216F7F50A00BBCC9E /* jutils.c */ = {isa = PBXFileReference; fileEncoding = 4; lastKnownFileType = sourcecode.c.c; path = jutils.c; sourceTree = "<group>"; };
		7AA90CD316F7F50A00BBCC9E /* jversion.h */ = {isa = PBXFileReference; fileEncoding = 4; lastKnownFileType = sourcecode.c.h; path = jversion.h; sourceTree = "<group>"; };
		7AA90CD416F7F50A00BBCC9E /* README */ = {isa = PBXFileReference; fileEncoding = 4; lastKnownFileType = text; path = README; sourceTree = "<group>"; };
		7AA90CD516F7F50A00BBCC9E /* transupp.c */ = {isa = PBXFileReference; fileEncoding = 4; lastKnownFileType = sourcecode.c.c; path = transupp.c; sourceTree = "<group>"; };
		7AA90CD616F7F50A00BBCC9E /* transupp.h */ = {isa = PBXFileReference; fileEncoding = 4; lastKnownFileType = sourcecode.c.h; path = transupp.h; sourceTree = "<group>"; };
		7AF0EC5116E238E10081085E /* OpenCVApp.app */ = {isa = PBXFileReference; explicitFileType = wrapper.application; includeInIndex = 0; path = OpenCVApp.app; sourceTree = BUILT_PRODUCTS_DIR; };
		7AF0EC5416E238E10081085E /* UIKit.framework */ = {isa = PBXFileReference; lastKnownFileType = wrapper.framework; name = UIKit.framework; path = System/Library/Frameworks/UIKit.framework; sourceTree = SDKROOT; };
		7AF0EC5616E238E10081085E /* Foundation.framework */ = {isa = PBXFileReference; lastKnownFileType = wrapper.framework; name = Foundation.framework; path = System/Library/Frameworks/Foundation.framework; sourceTree = SDKROOT; };
		7AF0EC5816E238E10081085E /* CoreGraphics.framework */ = {isa = PBXFileReference; lastKnownFileType = wrapper.framework; name = CoreGraphics.framework; path = System/Library/Frameworks/CoreGraphics.framework; sourceTree = SDKROOT; };
		7AF0EC5C16E238E10081085E /* OpenCVApp-Info.plist */ = {isa = PBXFileReference; lastKnownFileType = text.plist.xml; path = "OpenCVApp-Info.plist"; sourceTree = "<group>"; };
		7AF0EC5E16E238E10081085E /* en */ = {isa = PBXFileReference; lastKnownFileType = text.plist.strings; name = en; path = en.lproj/InfoPlist.strings; sourceTree = "<group>"; };
		7AF0EC6016E238E10081085E /* main.m */ = {isa = PBXFileReference; lastKnownFileType = sourcecode.c.objc; path = main.m; sourceTree = "<group>"; };
		7AF0EC6216E238E10081085E /* OpenCVApp-Prefix.pch */ = {isa = PBXFileReference; lastKnownFileType = sourcecode.c.h; path = "OpenCVApp-Prefix.pch"; sourceTree = "<group>"; };
		7AF0EC6316E238E10081085E /* CVAppDelegate.h */ = {isa = PBXFileReference; lastKnownFileType = sourcecode.c.h; path = CVAppDelegate.h; sourceTree = "<group>"; };
		7AF0EC6416E238E10081085E /* CVAppDelegate.m */ = {isa = PBXFileReference; lastKnownFileType = sourcecode.c.objc; path = CVAppDelegate.m; sourceTree = "<group>"; };
		7AF0EC6616E238E10081085E /* Default.png */ = {isa = PBXFileReference; lastKnownFileType = image.png; path = Default.png; sourceTree = "<group>"; };
		7AF0EC6816E238E10081085E /* Default@2x.png */ = {isa = PBXFileReference; lastKnownFileType = image.png; path = "Default@2x.png"; sourceTree = "<group>"; };
		7AF0EC6A16E238E10081085E /* Default-568h@2x.png */ = {isa = PBXFileReference; lastKnownFileType = image.png; path = "Default-568h@2x.png"; sourceTree = "<group>"; };
		7AF0EC6D16E238E10081085E /* en */ = {isa = PBXFileReference; lastKnownFileType = file.storyboard; name = en; path = en.lproj/MainStoryboard.storyboard; sourceTree = "<group>"; };
		7AF0EC6F16E238E10081085E /* CVViewController.h */ = {isa = PBXFileReference; lastKnownFileType = sourcecode.c.h; path = CVViewController.h; sourceTree = "<group>"; };
		7AF0EC7016E238E10081085E /* CVViewController.mm */ = {isa = PBXFileReference; lastKnownFileType = sourcecode.cpp.objcpp; path = CVViewController.mm; sourceTree = "<group>"; };
		7AF0EC7716E238E10081085E /* OpenCVAppTests.octest */ = {isa = PBXFileReference; explicitFileType = wrapper.cfbundle; includeInIndex = 0; path = OpenCVAppTests.octest; sourceTree = BUILT_PRODUCTS_DIR; };
		7AF0EC7816E238E10081085E /* SenTestingKit.framework */ = {isa = PBXFileReference; lastKnownFileType = wrapper.framework; name = SenTestingKit.framework; path = Library/Frameworks/SenTestingKit.framework; sourceTree = DEVELOPER_DIR; };
		7AF0EC8016E238E10081085E /* OpenCVAppTests-Info.plist */ = {isa = PBXFileReference; lastKnownFileType = text.plist.xml; path = "OpenCVAppTests-Info.plist"; sourceTree = "<group>"; };
		7AF0EC8216E238E10081085E /* en */ = {isa = PBXFileReference; lastKnownFileType = text.plist.strings; name = en; path = en.lproj/InfoPlist.strings; sourceTree = "<group>"; };
		7AF0EC8416E238E10081085E /* OpenCVAppTests.h */ = {isa = PBXFileReference; lastKnownFileType = sourcecode.c.h; path = OpenCVAppTests.h; sourceTree = "<group>"; };
		7AF0EC8516E238E10081085E /* OpenCVAppTests.m */ = {isa = PBXFileReference; lastKnownFileType = sourcecode.c.objc; path = OpenCVAppTests.m; sourceTree = "<group>"; };
		7AF0EC9116E23DAE0081085E /* opencv2.framework */ = {isa = PBXFileReference; lastKnownFileType = wrapper.framework; name = opencv2.framework; path = ../../src/opencv_ios/opencv2.framework; sourceTree = "<group>"; };
		7AF0EC9316E240B70081085E /* neko_tsubaki_blue_car.jpg */ = {isa = PBXFileReference; lastKnownFileType = image.jpeg; path = neko_tsubaki_blue_car.jpg; sourceTree = "<group>"; };
/* End PBXFileReference section */

/* Begin PBXFrameworksBuildPhase section */
		7AF0EC4E16E238E10081085E /* Frameworks */ = {
			isa = PBXFrameworksBuildPhase;
			buildActionMask = 2147483647;
			files = (
				7AF0EC5516E238E10081085E /* UIKit.framework in Frameworks */,
				7AF0EC5716E238E10081085E /* Foundation.framework in Frameworks */,
				7AF0EC5916E238E10081085E /* CoreGraphics.framework in Frameworks */,
				7AF0EC9216E23DAE0081085E /* opencv2.framework in Frameworks */,
			);
			runOnlyForDeploymentPostprocessing = 0;
		};
		7AF0EC7316E238E10081085E /* Frameworks */ = {
			isa = PBXFrameworksBuildPhase;
			buildActionMask = 2147483647;
			files = (
				7AF0EC7916E238E10081085E /* SenTestingKit.framework in Frameworks */,
				7AF0EC7A16E238E10081085E /* UIKit.framework in Frameworks */,
				7AF0EC7B16E238E10081085E /* Foundation.framework in Frameworks */,
			);
			runOnlyForDeploymentPostprocessing = 0;
		};
/* End PBXFrameworksBuildPhase section */

/* Begin PBXGroup section */
		7AA90C9916F7F50A00BBCC9E /* libjpeg */ = {
			isa = PBXGroup;
			children = (
				7AA90C9A16F7F50A00BBCC9E /* CMakeLists.txt */,
				7AA90C9B16F7F50A00BBCC9E /* jcapimin.c */,
				7AA90C9C16F7F50A00BBCC9E /* jcapistd.c */,
				7AA90C9D16F7F50A00BBCC9E /* jccoefct.c */,
				7AA90C9E16F7F50A00BBCC9E /* jccolor.c */,
				7AA90C9F16F7F50A00BBCC9E /* jcdctmgr.c */,
				7AA90CA016F7F50A00BBCC9E /* jchuff.c */,
				7AA90CA116F7F50A00BBCC9E /* jchuff.h */,
				7AA90CA216F7F50A00BBCC9E /* jcinit.c */,
				7AA90CA316F7F50A00BBCC9E /* jcmainct.c */,
				7AA90CA416F7F50A00BBCC9E /* jcmarker.c */,
				7AA90CA516F7F50A00BBCC9E /* jcmaster.c */,
				7AA90CA616F7F50A00BBCC9E /* jcomapi.c */,
				7AA90CA716F7F50A00BBCC9E /* jconfig.h */,
				7AA90CA816F7F50A00BBCC9E /* jcparam.c */,
				7AA90CA916F7F50A00BBCC9E /* jcphuff.c */,
				7AA90CAA16F7F50A00BBCC9E /* jcprepct.c */,
				7AA90CAB16F7F50A00BBCC9E /* jcsample.c */,
				7AA90CAC16F7F50A00BBCC9E /* jctrans.c */,
				7AA90CAD16F7F50A00BBCC9E /* jdapimin.c */,
				7AA90CAE16F7F50A00BBCC9E /* jdapistd.c */,
				7AA90CAF16F7F50A00BBCC9E /* jdatadst.c */,
				7AA90CB016F7F50A00BBCC9E /* jdatasrc.c */,
				7AA90CB116F7F50A00BBCC9E /* jdcoefct.c */,
				7AA90CB216F7F50A00BBCC9E /* jdcolor.c */,
				7AA90CB316F7F50A00BBCC9E /* jdct.h */,
				7AA90CB416F7F50A00BBCC9E /* jddctmgr.c */,
				7AA90CB516F7F50A00BBCC9E /* jdhuff.c */,
				7AA90CB616F7F50A00BBCC9E /* jdhuff.h */,
				7AA90CB716F7F50A00BBCC9E /* jdinput.c */,
				7AA90CB816F7F50A00BBCC9E /* jdmainct.c */,
				7AA90CB916F7F50A00BBCC9E /* jdmarker.c */,
				7AA90CBA16F7F50A00BBCC9E /* jdmaster.c */,
				7AA90CBB16F7F50A00BBCC9E /* jdmerge.c */,
				7AA90CBC16F7F50A00BBCC9E /* jdphuff.c */,
				7AA90CBD16F7F50A00BBCC9E /* jdpostct.c */,
				7AA90CBE16F7F50A00BBCC9E /* jdsample.c */,
				7AA90CBF16F7F50A00BBCC9E /* jdtrans.c */,
				7AA90CC016F7F50A00BBCC9E /* jerror.c */,
				7AA90CC116F7F50A00BBCC9E /* jerror.h */,
				7AA90CC216F7F50A00BBCC9E /* jfdctflt.c */,
				7AA90CC316F7F50A00BBCC9E /* jfdctfst.c */,
				7AA90CC416F7F50A00BBCC9E /* jfdctint.c */,
				7AA90CC516F7F50A00BBCC9E /* jidctflt.c */,
				7AA90CC616F7F50A00BBCC9E /* jidctfst.c */,
				7AA90CC716F7F50A00BBCC9E /* jidctint.c */,
				7AA90CC816F7F50A00BBCC9E /* jidctred.c */,
				7AA90CC916F7F50A00BBCC9E /* jinclude.h */,
				7AA90CCA16F7F50A00BBCC9E /* jmemansi.c */,
				7AA90CCB16F7F50A00BBCC9E /* jmemmgr.c */,
				7AA90CCC16F7F50A00BBCC9E /* jmemsys.h */,
				7AA90CCD16F7F50A00BBCC9E /* jmorecfg.h */,
				7AA90CCE16F7F50A00BBCC9E /* jpegint.h */,
				7AA90CCF16F7F50A00BBCC9E /* jpeglib.h */,
				7AA90CD016F7F50A00BBCC9E /* jquant1.c */,
				7AA90CD116F7F50A00BBCC9E /* jquant2.c */,
				7AA90CD216F7F50A00BBCC9E /* jutils.c */,
				7AA90CD316F7F50A00BBCC9E /* jversion.h */,
				7AA90CD416F7F50A00BBCC9E /* README */,
				7AA90CD516F7F50A00BBCC9E /* transupp.c */,
				7AA90CD616F7F50A00BBCC9E /* transupp.h */,
			);
			name = libjpeg;
			path = OpenCVApp/libjpeg;
			sourceTree = "<group>";
		};
		7AF0EC4816E238E10081085E = {
			isa = PBXGroup;
			children = (
				7AF0EC5A16E238E10081085E /* OpenCVApp */,
				7AF0EC7E16E238E10081085E /* OpenCVAppTests */,
				7AF0EC5316E238E10081085E /* Frameworks */,
				7AF0EC5216E238E10081085E /* Products */,
			);
			sourceTree = "<group>";
		};
		7AF0EC5216E238E10081085E /* Products */ = {
			isa = PBXGroup;
			children = (
				7AF0EC5116E238E10081085E /* OpenCVApp.app */,
				7AF0EC7716E238E10081085E /* OpenCVAppTests.octest */,
			);
			name = Products;
			sourceTree = "<group>";
		};
		7AF0EC5316E238E10081085E /* Frameworks */ = {
			isa = PBXGroup;
			children = (
				7AA90C9916F7F50A00BBCC9E /* libjpeg */,
				7AF0EC9116E23DAE0081085E /* opencv2.framework */,
				7AF0EC5416E238E10081085E /* UIKit.framework */,
				7AF0EC5616E238E10081085E /* Foundation.framework */,
				7AF0EC5816E238E10081085E /* CoreGraphics.framework */,
				7AF0EC7816E238E10081085E /* SenTestingKit.framework */,
			);
			name = Frameworks;
			sourceTree = "<group>";
		};
		7AF0EC5A16E238E10081085E /* OpenCVApp */ = {
			isa = PBXGroup;
			children = (
				7AF0EC9316E240B70081085E /* neko_tsubaki_blue_car.jpg */,
				7AF0EC6316E238E10081085E /* CVAppDelegate.h */,
				7AF0EC6416E238E10081085E /* CVAppDelegate.m */,
				7AF0EC6C16E238E10081085E /* MainStoryboard.storyboard */,
				7AF0EC6F16E238E10081085E /* CVViewController.h */,
				7AF0EC7016E238E10081085E /* CVViewController.mm */,
				7A04081A16F6DD5C0083F041 /* CVImageTableViewController.h */,
				7A04081B16F6DD5C0083F041 /* CVImageTableViewController.m */,
				7AF0EC5B16E238E10081085E /* Supporting Files */,
				7A0408D516FB572D0083F041 /* CVImageViewController.h */,
				7A0408D616FB572E0083F041 /* CVImageViewController.m */,
			);
			path = OpenCVApp;
			sourceTree = "<group>";
		};
		7AF0EC5B16E238E10081085E /* Supporting Files */ = {
			isa = PBXGroup;
			children = (
				7AF0EC5C16E238E10081085E /* OpenCVApp-Info.plist */,
				7AF0EC5D16E238E10081085E /* InfoPlist.strings */,
				7AF0EC6016E238E10081085E /* main.m */,
				7AF0EC6216E238E10081085E /* OpenCVApp-Prefix.pch */,
				7AF0EC6616E238E10081085E /* Default.png */,
				7AF0EC6816E238E10081085E /* Default@2x.png */,
				7AF0EC6A16E238E10081085E /* Default-568h@2x.png */,
			);
			name = "Supporting Files";
			sourceTree = "<group>";
		};
		7AF0EC7E16E238E10081085E /* OpenCVAppTests */ = {
			isa = PBXGroup;
			children = (
				7AF0EC8416E238E10081085E /* OpenCVAppTests.h */,
				7AF0EC8516E238E10081085E /* OpenCVAppTests.m */,
				7AF0EC7F16E238E10081085E /* Supporting Files */,
			);
			path = OpenCVAppTests;
			sourceTree = "<group>";
		};
		7AF0EC7F16E238E10081085E /* Supporting Files */ = {
			isa = PBXGroup;
			children = (
				7AF0EC8016E238E10081085E /* OpenCVAppTests-Info.plist */,
				7AF0EC8116E238E10081085E /* InfoPlist.strings */,
			);
			name = "Supporting Files";
			sourceTree = "<group>";
		};
/* End PBXGroup section */

/* Begin PBXNativeTarget section */
		7AF0EC5016E238E10081085E /* OpenCVApp */ = {
			isa = PBXNativeTarget;
			buildConfigurationList = 7AF0EC8916E238E10081085E /* Build configuration list for PBXNativeTarget "OpenCVApp" */;
			buildPhases = (
				7AF0EC4D16E238E10081085E /* Sources */,
				7AF0EC4E16E238E10081085E /* Frameworks */,
				7AF0EC4F16E238E10081085E /* Resources */,
			);
			buildRules = (
			);
			dependencies = (
			);
			name = OpenCVApp;
			productName = OpenCVApp;
			productReference = 7AF0EC5116E238E10081085E /* OpenCVApp.app */;
			productType = "com.apple.product-type.application";
		};
		7AF0EC7616E238E10081085E /* OpenCVAppTests */ = {
			isa = PBXNativeTarget;
			buildConfigurationList = 7AF0EC8C16E238E10081085E /* Build configuration list for PBXNativeTarget "OpenCVAppTests" */;
			buildPhases = (
				7AF0EC7216E238E10081085E /* Sources */,
				7AF0EC7316E238E10081085E /* Frameworks */,
				7AF0EC7416E238E10081085E /* Resources */,
				7AF0EC7516E238E10081085E /* ShellScript */,
			);
			buildRules = (
			);
			dependencies = (
				7AF0EC7D16E238E10081085E /* PBXTargetDependency */,
			);
			name = OpenCVAppTests;
			productName = OpenCVAppTests;
			productReference = 7AF0EC7716E238E10081085E /* OpenCVAppTests.octest */;
			productType = "com.apple.product-type.bundle";
		};
/* End PBXNativeTarget section */

/* Begin PBXProject section */
		7AF0EC4916E238E10081085E /* Project object */ = {
			isa = PBXProject;
			attributes = {
				CLASSPREFIX = CV;
				LastUpgradeCheck = 0460;
				ORGANIZATIONNAME = chikuwaprog.com;
			};
			buildConfigurationList = 7AF0EC4C16E238E10081085E /* Build configuration list for PBXProject "OpenCVApp" */;
			compatibilityVersion = "Xcode 3.2";
			developmentRegion = English;
			hasScannedForEncodings = 0;
			knownRegions = (
				en,
			);
			mainGroup = 7AF0EC4816E238E10081085E;
			productRefGroup = 7AF0EC5216E238E10081085E /* Products */;
			projectDirPath = "";
			projectRoot = "";
			targets = (
				7AF0EC5016E238E10081085E /* OpenCVApp */,
				7AF0EC7616E238E10081085E /* OpenCVAppTests */,
			);
		};
/* End PBXProject section */

/* Begin PBXResourcesBuildPhase section */
		7AF0EC4F16E238E10081085E /* Resources */ = {
			isa = PBXResourcesBuildPhase;
			buildActionMask = 2147483647;
			files = (
				7AF0EC5F16E238E10081085E /* InfoPlist.strings in Resources */,
				7AF0EC6716E238E10081085E /* Default.png in Resources */,
				7AF0EC6916E238E10081085E /* Default@2x.png in Resources */,
				7AF0EC6B16E238E10081085E /* Default-568h@2x.png in Resources */,
				7AF0EC6E16E238E10081085E /* MainStoryboard.storyboard in Resources */,
				7AF0EC9416E240B70081085E /* neko_tsubaki_blue_car.jpg in Resources */,
				7AA90CD716F7F50A00BBCC9E /* CMakeLists.txt in Resources */,
				7AA90D0616F7F50A00BBCC9E /* README in Resources */,
			);
			runOnlyForDeploymentPostprocessing = 0;
		};
		7AF0EC7416E238E10081085E /* Resources */ = {
			isa = PBXResourcesBuildPhase;
			buildActionMask = 2147483647;
			files = (
				7AF0EC8316E238E10081085E /* InfoPlist.strings in Resources */,
			);
			runOnlyForDeploymentPostprocessing = 0;
		};
/* End PBXResourcesBuildPhase section */

/* Begin PBXShellScriptBuildPhase section */
		7AF0EC7516E238E10081085E /* ShellScript */ = {
			isa = PBXShellScriptBuildPhase;
			buildActionMask = 2147483647;
			files = (
			);
			inputPaths = (
			);
			outputPaths = (
			);
			runOnlyForDeploymentPostprocessing = 0;
			shellPath = /bin/sh;
			shellScript = "# Run the unit tests in this test bundle.\n\"${SYSTEM_DEVELOPER_DIR}/Tools/RunUnitTests\"\n";
		};
/* End PBXShellScriptBuildPhase section */

/* Begin PBXSourcesBuildPhase section */
		7AF0EC4D16E238E10081085E /* Sources */ = {
			isa = PBXSourcesBuildPhase;
			buildActionMask = 2147483647;
			files = (
				7AF0EC6116E238E10081085E /* main.m in Sources */,
				7AF0EC6516E238E10081085E /* CVAppDelegate.m in Sources */,
				7A04081916F6CE7B0083F041 /* CVViewController.mm in Sources */,
				7A04081C16F6DD5C0083F041 /* CVImageTableViewController.m in Sources */,
				7AA90CD816F7F50A00BBCC9E /* jcapimin.c in Sources */,
				7AA90CD916F7F50A00BBCC9E /* jcapistd.c in Sources */,
				7AA90CDA16F7F50A00BBCC9E /* jccoefct.c in Sources */,
				7AA90CDB16F7F50A00BBCC9E /* jccolor.c in Sources */,
				7AA90CDC16F7F50A00BBCC9E /* jcdctmgr.c in Sources */,
				7AA90CDD16F7F50A00BBCC9E /* jchuff.c in Sources */,
				7AA90CDE16F7F50A00BBCC9E /* jcinit.c in Sources */,
				7AA90CDF16F7F50A00BBCC9E /* jcmainct.c in Sources */,
				7AA90CE016F7F50A00BBCC9E /* jcmarker.c in Sources */,
				7AA90CE116F7F50A00BBCC9E /* jcmaster.c in Sources */,
				7AA90CE216F7F50A00BBCC9E /* jcomapi.c in Sources */,
				7AA90CE316F7F50A00BBCC9E /* jcparam.c in Sources */,
				7AA90CE416F7F50A00BBCC9E /* jcphuff.c in Sources */,
				7AA90CE516F7F50A00BBCC9E /* jcprepct.c in Sources */,
				7AA90CE616F7F50A00BBCC9E /* jcsample.c in Sources */,
				7AA90CE716F7F50A00BBCC9E /* jctrans.c in Sources */,
				7AA90CE816F7F50A00BBCC9E /* jdapimin.c in Sources */,
				7AA90CE916F7F50A00BBCC9E /* jdapistd.c in Sources */,
				7AA90CEA16F7F50A00BBCC9E /* jdatadst.c in Sources */,
				7AA90CEB16F7F50A00BBCC9E /* jdatasrc.c in Sources */,
				7AA90CEC16F7F50A00BBCC9E /* jdcoefct.c in Sources */,
				7AA90CED16F7F50A00BBCC9E /* jdcolor.c in Sources */,
				7AA90CEE16F7F50A00BBCC9E /* jddctmgr.c in Sources */,
				7AA90CEF16F7F50A00BBCC9E /* jdhuff.c in Sources */,
				7AA90CF016F7F50A00BBCC9E /* jdinput.c in Sources */,
				7AA90CF116F7F50A00BBCC9E /* jdmainct.c in Sources */,
				7AA90CF216F7F50A00BBCC9E /* jdmarker.c in Sources */,
				7AA90CF316F7F50A00BBCC9E /* jdmaster.c in Sources */,
				7AA90CF416F7F50A00BBCC9E /* jdmerge.c in Sources */,
				7AA90CF516F7F50A00BBCC9E /* jdphuff.c in Sources */,
				7AA90CF616F7F50A00BBCC9E /* jdpostct.c in Sources */,
				7AA90CF716F7F50A00BBCC9E /* jdsample.c in Sources */,
				7AA90CF816F7F50A00BBCC9E /* jdtrans.c in Sources */,
				7AA90CF916F7F50A00BBCC9E /* jerror.c in Sources */,
				7AA90CFA16F7F50A00BBCC9E /* jfdctflt.c in Sources */,
				7AA90CFB16F7F50A00BBCC9E /* jfdctfst.c in Sources */,
				7AA90CFC16F7F50A00BBCC9E /* jfdctint.c in Sources */,
				7AA90CFD16F7F50A00BBCC9E /* jidctflt.c in Sources */,
				7AA90CFE16F7F50A00BBCC9E /* jidctfst.c in Sources */,
				7AA90CFF16F7F50A00BBCC9E /* jidctint.c in Sources */,
				7AA90D0016F7F50A00BBCC9E /* jidctred.c in Sources */,
				7AA90D0116F7F50A00BBCC9E /* jmemansi.c in Sources */,
				7AA90D0216F7F50A00BBCC9E /* jmemmgr.c in Sources */,
				7AA90D0316F7F50A00BBCC9E /* jquant1.c in Sources */,
				7AA90D0416F7F50A00BBCC9E /* jquant2.c in Sources */,
				7AA90D0516F7F50A00BBCC9E /* jutils.c in Sources */,
				7AA90D0716F7F50A00BBCC9E /* transupp.c in Sources */,
				7A0408D716FB572E0083F041 /* CVImageViewController.m in Sources */,
			);
			runOnlyForDeploymentPostprocessing = 0;
		};
		7AF0EC7216E238E10081085E /* Sources */ = {
			isa = PBXSourcesBuildPhase;
			buildActionMask = 2147483647;
			files = (
				7AF0EC8616E238E10081085E /* OpenCVAppTests.m in Sources */,
			);
			runOnlyForDeploymentPostprocessing = 0;
		};
/* End PBXSourcesBuildPhase section */

/* Begin PBXTargetDependency section */
		7AF0EC7D16E238E10081085E /* PBXTargetDependency */ = {
			isa = PBXTargetDependency;
			target = 7AF0EC5016E238E10081085E /* OpenCVApp */;
			targetProxy = 7AF0EC7C16E238E10081085E /* PBXContainerItemProxy */;
		};
/* End PBXTargetDependency section */

/* Begin PBXVariantGroup section */
		7AF0EC5D16E238E10081085E /* InfoPlist.strings */ = {
			isa = PBXVariantGroup;
			children = (
				7AF0EC5E16E238E10081085E /* en */,
			);
			name = InfoPlist.strings;
			sourceTree = "<group>";
		};
		7AF0EC6C16E238E10081085E /* MainStoryboard.storyboard */ = {
			isa = PBXVariantGroup;
			children = (
				7AF0EC6D16E238E10081085E /* en */,
			);
			name = MainStoryboard.storyboard;
			sourceTree = "<group>";
		};
		7AF0EC8116E238E10081085E /* InfoPlist.strings */ = {
			isa = PBXVariantGroup;
			children = (
				7AF0EC8216E238E10081085E /* en */,
			);
			name = InfoPlist.strings;
			sourceTree = "<group>";
		};
/* End PBXVariantGroup section */

/* Begin XCBuildConfiguration section */
		7AF0EC8716E238E10081085E /* Debug */ = {
			isa = XCBuildConfiguration;
			buildSettings = {
				ALWAYS_SEARCH_USER_PATHS = NO;
				CLANG_CXX_LANGUAGE_STANDARD = "gnu++0x";
				CLANG_CXX_LIBRARY = "libc++";
				CLANG_ENABLE_OBJC_ARC = YES;
				CLANG_WARN_CONSTANT_CONVERSION = YES;
				CLANG_WARN_EMPTY_BODY = YES;
				CLANG_WARN_ENUM_CONVERSION = YES;
				CLANG_WARN_INT_CONVERSION = YES;
				CLANG_WARN__DUPLICATE_METHOD_MATCH = YES;
				"CODE_SIGN_IDENTITY[sdk=iphoneos*]" = "iPhone Developer";
				COPY_PHASE_STRIP = NO;
				GCC_C_LANGUAGE_STANDARD = gnu99;
				GCC_DYNAMIC_NO_PIC = NO;
				GCC_OPTIMIZATION_LEVEL = 0;
				GCC_PREPROCESSOR_DEFINITIONS = (
					"DEBUG=1",
					"$(inherited)",
				);
				GCC_SYMBOLS_PRIVATE_EXTERN = NO;
				GCC_WARN_ABOUT_RETURN_TYPE = YES;
				GCC_WARN_UNINITIALIZED_AUTOS = YES;
				GCC_WARN_UNUSED_VARIABLE = YES;
				IPHONEOS_DEPLOYMENT_TARGET = 6.1;
				ONLY_ACTIVE_ARCH = YES;
				SDKROOT = iphoneos;
			};
			name = Debug;
		};
		7AF0EC8816E238E10081085E /* Release */ = {
			isa = XCBuildConfiguration;
			buildSettings = {
				ALWAYS_SEARCH_USER_PATHS = NO;
				CLANG_CXX_LANGUAGE_STANDARD = "gnu++0x";
				CLANG_CXX_LIBRARY = "libc++";
				CLANG_ENABLE_OBJC_ARC = YES;
				CLANG_WARN_CONSTANT_CONVERSION = YES;
				CLANG_WARN_EMPTY_BODY = YES;
				CLANG_WARN_ENUM_CONVERSION = YES;
				CLANG_WARN_INT_CONVERSION = YES;
				CLANG_WARN__DUPLICATE_METHOD_MATCH = YES;
				"CODE_SIGN_IDENTITY[sdk=iphoneos*]" = "iPhone Developer";
				COPY_PHASE_STRIP = YES;
				GCC_C_LANGUAGE_STANDARD = gnu99;
				GCC_WARN_ABOUT_RETURN_TYPE = YES;
				GCC_WARN_UNINITIALIZED_AUTOS = YES;
				GCC_WARN_UNUSED_VARIABLE = YES;
				IPHONEOS_DEPLOYMENT_TARGET = 6.1;
				OTHER_CFLAGS = "-DNS_BLOCK_ASSERTIONS=1";
				SDKROOT = iphoneos;
				VALIDATE_PRODUCT = YES;
			};
			name = Release;
		};
		7AF0EC8A16E238E10081085E /* Debug */ = {
			isa = XCBuildConfiguration;
			buildSettings = {
				FRAMEWORK_SEARCH_PATHS = (
					"$(inherited)",
					"\"$(SRCROOT)/../../src/opencv_ios\"",
				);
				GCC_PRECOMPILE_PREFIX_HEADER = YES;
				GCC_PREFIX_HEADER = "OpenCVApp/OpenCVApp-Prefix.pch";
				INFOPLIST_FILE = "OpenCVApp/OpenCVApp-Info.plist";
				PRODUCT_NAME = "$(TARGET_NAME)";
				WRAPPER_EXTENSION = app;
			};
			name = Debug;
		};
		7AF0EC8B16E238E10081085E /* Release */ = {
			isa = XCBuildConfiguration;
			buildSettings = {
				FRAMEWORK_SEARCH_PATHS = (
					"$(inherited)",
					"\"$(SRCROOT)/../../src/opencv_ios\"",
				);
				GCC_PRECOMPILE_PREFIX_HEADER = YES;
				GCC_PREFIX_HEADER = "OpenCVApp/OpenCVApp-Prefix.pch";
				INFOPLIST_FILE = "OpenCVApp/OpenCVApp-Info.plist";
				PRODUCT_NAME = "$(TARGET_NAME)";
				WRAPPER_EXTENSION = app;
			};
			name = Release;
		};
		7AF0EC8D16E238E10081085E /* Debug */ = {
			isa = XCBuildConfiguration;
			buildSettings = {
				BUNDLE_LOADER = "$(BUILT_PRODUCTS_DIR)/OpenCVApp.app/OpenCVApp";
				FRAMEWORK_SEARCH_PATHS = (
					"\"$(SDKROOT)/Developer/Library/Frameworks\"",
					"\"$(DEVELOPER_LIBRARY_DIR)/Frameworks\"",
				);
				GCC_PRECOMPILE_PREFIX_HEADER = YES;
				GCC_PREFIX_HEADER = "OpenCVApp/OpenCVApp-Prefix.pch";
				INFOPLIST_FILE = "OpenCVAppTests/OpenCVAppTests-Info.plist";
				PRODUCT_NAME = "$(TARGET_NAME)";
				TEST_HOST = "$(BUNDLE_LOADER)";
				WRAPPER_EXTENSION = octest;
			};
			name = Debug;
		};
		7AF0EC8E16E238E10081085E /* Release */ = {
			isa = XCBuildConfiguration;
			buildSettings = {
				BUNDLE_LOADER = "$(BUILT_PRODUCTS_DIR)/OpenCVApp.app/OpenCVApp";
				FRAMEWORK_SEARCH_PATHS = (
					"\"$(SDKROOT)/Developer/Library/Frameworks\"",
					"\"$(DEVELOPER_LIBRARY_DIR)/Frameworks\"",
				);
				GCC_PRECOMPILE_PREFIX_HEADER = YES;
				GCC_PREFIX_HEADER = "OpenCVApp/OpenCVApp-Prefix.pch";
				INFOPLIST_FILE = "OpenCVAppTests/OpenCVAppTests-Info.plist";
				PRODUCT_NAME = "$(TARGET_NAME)";
				TEST_HOST = "$(BUNDLE_LOADER)";
				WRAPPER_EXTENSION = octest;
			};
			name = Release;
		};
/* End XCBuildConfiguration section */

/* Begin XCConfigurationList section */
		7AF0EC4C16E238E10081085E /* Build configuration list for PBXProject "OpenCVApp" */ = {
			isa = XCConfigurationList;
			buildConfigurations = (
				7AF0EC8716E238E10081085E /* Debug */,
				7AF0EC8816E238E10081085E /* Release */,
			);
			defaultConfigurationIsVisible = 0;
			defaultConfigurationName = Release;
		};
		7AF0EC8916E238E10081085E /* Build configuration list for PBXNativeTarget "OpenCVApp" */ = {
			isa = XCConfigurationList;
			buildConfigurations = (
				7AF0EC8A16E238E10081085E /* Debug */,
				7AF0EC8B16E238E10081085E /* Release */,
			);
			defaultConfigurationIsVisible = 0;
			defaultConfigurationName = Release;
		};
		7AF0EC8C16E238E10081085E /* Build configuration list for PBXNativeTarget "OpenCVAppTests" */ = {
			isa = XCConfigurationList;
			buildConfigurations = (
				7AF0EC8D16E238E10081085E /* Debug */,
				7AF0EC8E16E238E10081085E /* Release */,
			);
			defaultConfigurationIsVisible = 0;
			defaultConfigurationName = Release;
		};
/* End XCConfigurationList section */
	};
	rootObject = 7AF0EC4916E238E10081085E /* Project object */;
}
